// !$*UTF8*$!
{
   archiveVersion = "1";
   objectVersion = "46";
   objects = {
      "EFStorage::EFStorage::ProductTarget" = {
         isa = "PBXAggregateTarget";
         buildConfigurationList = "OBJ_68";
         buildPhases = (
         );
         dependencies = (
            "OBJ_71",
            "OBJ_73",
            "OBJ_75",
            "OBJ_77"
         );
         name = "EFStorage";
         productName = "EFStorage";
      };
      "EFStorage::EFStorageCore" = {
         isa = "PBXNativeTarget";
         buildConfigurationList = "OBJ_79";
         buildPhases = (
            "OBJ_82",
            "OBJ_90"
         );
         dependencies = (
         );
         name = "EFStorageCore";
         productName = "EFStorageCore";
         productReference = "EFStorage::EFStorageCore::Product";
         productType = "com.apple.product-type.framework";
      };
      "EFStorage::EFStorageCore::Product" = {
         isa = "PBXFileReference";
         path = "EFStorageCore.framework";
         sourceTree = "BUILT_PRODUCTS_DIR";
      };
      "EFStorage::EFStorageKeychainAccess" = {
         isa = "PBXNativeTarget";
         buildConfigurationList = "OBJ_91";
         buildPhases = (
            "OBJ_94",
            "OBJ_100"
         );
         dependencies = (
            "OBJ_103",
            "OBJ_105"
         );
         name = "EFStorageKeychainAccess";
         productName = "EFStorageKeychainAccess";
         productReference = "EFStorage::EFStorageKeychainAccess::Product";
         productType = "com.apple.product-type.framework";
      };
      "EFStorage::EFStorageKeychainAccess::Product" = {
         isa = "PBXFileReference";
         path = "EFStorageKeychainAccess.framework";
         sourceTree = "BUILT_PRODUCTS_DIR";
      };
      "EFStorage::EFStoragePackageTests::ProductTarget" = {
         isa = "PBXAggregateTarget";
         buildConfigurationList = "OBJ_113";
         buildPhases = (
         );
         dependencies = (
            "OBJ_116"
         );
         name = "EFStoragePackageTests";
         productName = "EFStoragePackageTests";
      };
      "EFStorage::EFStorageTests" = {
         isa = "PBXNativeTarget";
         buildConfigurationList = "OBJ_118";
         buildPhases = (
            "OBJ_121",
            "OBJ_124"
         );
         dependencies = (
            "OBJ_131",
            "OBJ_132",
            "OBJ_134",
            "OBJ_135",
            "OBJ_136",
            "OBJ_137"
         );
         name = "EFStorageTests";
         productName = "EFStorageTests";
         productReference = "EFStorage::EFStorageTests::Product";
         productType = "com.apple.product-type.bundle.unit-test";
      };
      "EFStorage::EFStorageTests::Product" = {
         isa = "PBXFileReference";
         path = "EFStorageTests.xctest";
         sourceTree = "BUILT_PRODUCTS_DIR";
      };
      "EFStorage::EFStorageUserDefaults" = {
         isa = "PBXNativeTarget";
         buildConfigurationList = "OBJ_138";
         buildPhases = (
            "OBJ_141",
            "OBJ_147"
         );
         dependencies = (
            "OBJ_149"
         );
         name = "EFStorageUserDefaults";
         productName = "EFStorageUserDefaults";
         productReference = "EFStorage::EFStorageUserDefaults::Product";
         productType = "com.apple.product-type.framework";
      };
      "EFStorage::EFStorageUserDefaults::Product" = {
         isa = "PBXFileReference";
         path = "EFStorageUserDefaults.framework";
         sourceTree = "BUILT_PRODUCTS_DIR";
      };
      "EFStorage::EFStorageYYCache" = {
         isa = "PBXNativeTarget";
         buildConfigurationList = "OBJ_150";
         buildPhases = (
            "OBJ_153",
            "OBJ_157"
         );
         dependencies = (
            "OBJ_160",
            "OBJ_161"
         );
         name = "EFStorageYYCache";
         productName = "EFStorageYYCache";
         productReference = "EFStorage::EFStorageYYCache::Product";
         productType = "com.apple.product-type.framework";
      };
      "EFStorage::EFStorageYYCache::Product" = {
         isa = "PBXFileReference";
         path = "EFStorageYYCache.framework";
         sourceTree = "BUILT_PRODUCTS_DIR";
      };
      "EFStorage::SwiftPMPackageDescription" = {
         isa = "PBXNativeTarget";
         buildConfigurationList = "OBJ_107";
         buildPhases = (
            "OBJ_110"
         );
         dependencies = (
         );
         name = "EFStoragePackageDescription";
         productName = "EFStoragePackageDescription";
         productType = "com.apple.product-type.framework";
      };
      "KeychainAccess::KeychainAccess" = {
         isa = "PBXNativeTarget";
         buildConfigurationList = "OBJ_162";
         buildPhases = (
            "OBJ_165",
            "OBJ_167"
         );
         dependencies = (
         );
         name = "KeychainAccess";
         productName = "KeychainAccess";
         productReference = "KeychainAccess::KeychainAccess::Product";
         productType = "com.apple.product-type.framework";
      };
      "KeychainAccess::KeychainAccess::Product" = {
         isa = "PBXFileReference";
         path = "KeychainAccess.framework";
         sourceTree = "BUILT_PRODUCTS_DIR";
      };
      "KeychainAccess::SwiftPMPackageDescription" = {
         isa = "PBXNativeTarget";
         buildConfigurationList = "OBJ_169";
         buildPhases = (
            "OBJ_172"
         );
         dependencies = (
         );
         name = "KeychainAccessPackageDescription";
         productName = "KeychainAccessPackageDescription";
         productType = "com.apple.product-type.framework";
      };
      "OBJ_1" = {
         isa = "PBXProject";
         attributes = {
            LastSwiftMigration = "9999";
            LastUpgradeCheck = "9999";
         };
         buildConfigurationList = "OBJ_2";
         compatibilityVersion = "Xcode 3.2";
         developmentRegion = "English";
         hasScannedForEncodings = "0";
         knownRegions = (
            "en"
         );
         mainGroup = "OBJ_5";
         productRefGroup = "OBJ_53";
         projectDirPath = ".";
         targets = (
            "EFStorage::EFStorage::ProductTarget",
            "EFStorage::EFStorageCore",
            "EFStorage::EFStorageKeychainAccess",
            "EFStorage::SwiftPMPackageDescription",
            "EFStorage::EFStoragePackageTests::ProductTarget",
            "EFStorage::EFStorageTests",
            "EFStorage::EFStorageUserDefaults",
            "EFStorage::EFStorageYYCache",
            "KeychainAccess::KeychainAccess",
            "KeychainAccess::SwiftPMPackageDescription",
            "YYCache::YYCache",
            "YYCache::SwiftPMPackageDescription"
         );
      };
      "OBJ_10" = {
         isa = "PBXFileReference";
         path = "EFOptionalContentWrapper.swift";
         sourceTree = "<group>";
      };
      "OBJ_100" = {
         isa = "PBXFrameworksBuildPhase";
         files = (
            "OBJ_101",
            "OBJ_102"
         );
      };
      "OBJ_101" = {
         isa = "PBXBuildFile";
         fileRef = "KeychainAccess::KeychainAccess::Product";
      };
      "OBJ_102" = {
         isa = "PBXBuildFile";
         fileRef = "EFStorage::EFStorageCore::Product";
      };
      "OBJ_103" = {
         isa = "PBXTargetDependency";
         target = "KeychainAccess::KeychainAccess";
      };
      "OBJ_105" = {
         isa = "PBXTargetDependency";
         target = "EFStorage::EFStorageCore";
      };
      "OBJ_107" = {
         isa = "XCConfigurationList";
         buildConfigurations = (
            "OBJ_108",
            "OBJ_109"
         );
         defaultConfigurationIsVisible = "0";
         defaultConfigurationName = "Release";
      };
      "OBJ_108" = {
         isa = "XCBuildConfiguration";
         buildSettings = {
            LD = "/usr/bin/true";
            OTHER_SWIFT_FLAGS = (
               "-swift-version",
               "5",
               "-I",
               "$(TOOLCHAIN_DIR)/usr/lib/swift/pm/4_2",
               "-target",
               "x86_64-apple-macosx10.10",
               "-sdk",
               "/Applications/Xcode.app/Contents/Developer/Platforms/MacOSX.platform/Developer/SDKs/MacOSX10.14.sdk"
            );
            SWIFT_VERSION = "5.0";
         };
         name = "Debug";
      };
      "OBJ_109" = {
         isa = "XCBuildConfiguration";
         buildSettings = {
            LD = "/usr/bin/true";
            OTHER_SWIFT_FLAGS = (
               "-swift-version",
               "5",
               "-I",
               "$(TOOLCHAIN_DIR)/usr/lib/swift/pm/4_2",
               "-target",
               "x86_64-apple-macosx10.10",
               "-sdk",
               "/Applications/Xcode.app/Contents/Developer/Platforms/MacOSX.platform/Developer/SDKs/MacOSX10.14.sdk"
            );
            SWIFT_VERSION = "5.0";
         };
         name = "Release";
      };
      "OBJ_11" = {
         isa = "PBXFileReference";
         path = "EFSingleInstanceStorageReference.swift";
         sourceTree = "<group>";
      };
      "OBJ_110" = {
         isa = "PBXSourcesBuildPhase";
         files = (
            "OBJ_111"
         );
      };
      "OBJ_111" = {
         isa = "PBXBuildFile";
         fileRef = "OBJ_6";
      };
      "OBJ_113" = {
         isa = "XCConfigurationList";
         buildConfigurations = (
            "OBJ_114",
            "OBJ_115"
         );
         defaultConfigurationIsVisible = "0";
         defaultConfigurationName = "Release";
      };
      "OBJ_114" = {
         isa = "XCBuildConfiguration";
         buildSettings = {
         };
         name = "Debug";
      };
      "OBJ_115" = {
         isa = "XCBuildConfiguration";
         buildSettings = {
         };
         name = "Release";
      };
      "OBJ_116" = {
         isa = "PBXTargetDependency";
         target = "EFStorage::EFStorageTests";
      };
      "OBJ_118" = {
         isa = "XCConfigurationList";
         buildConfigurations = (
            "OBJ_119",
            "OBJ_120"
         );
         defaultConfigurationIsVisible = "0";
         defaultConfigurationName = "Release";
      };
      "OBJ_119" = {
         isa = "XCBuildConfiguration";
         buildSettings = {
            CLANG_ENABLE_MODULES = "YES";
            EMBEDDED_CONTENT_CONTAINS_SWIFT = "YES";
            FRAMEWORK_SEARCH_PATHS = (
               "$(inherited)",
               "$(PLATFORM_DIR)/Developer/Library/Frameworks"
            );
            HEADER_SEARCH_PATHS = (
               "$(inherited)",
               "$(SRCROOT)/.build/checkouts/YYCache/YYCache/include"
            );
            INFOPLIST_FILE = "EFStorage.xcodeproj/EFStorageTests_Info.plist";
            IPHONEOS_DEPLOYMENT_TARGET = "8.0";
            LD_RUNPATH_SEARCH_PATHS = (
               "$(inherited)",
               "@loader_path/../Frameworks",
               "@loader_path/Frameworks"
            );
            MACOSX_DEPLOYMENT_TARGET = "10.10";
            OTHER_CFLAGS = (
               "$(inherited)"
            );
            OTHER_LDFLAGS = (
               "$(inherited)"
            );
            OTHER_SWIFT_FLAGS = (
               "$(inherited)"
            );
            SWIFT_ACTIVE_COMPILATION_CONDITIONS = (
               "$(inherited)"
            );
            SWIFT_VERSION = "5.0";
            TARGET_NAME = "EFStorageTests";
            TVOS_DEPLOYMENT_TARGET = "9.0";
            WATCHOS_DEPLOYMENT_TARGET = "2.0";
         };
         name = "Debug";
      };
      "OBJ_12" = {
         isa = "PBXFileReference";
         path = "EFSingleInstanceStorageReferenceWrapper.swift";
         sourceTree = "<group>";
      };
      "OBJ_120" = {
         isa = "XCBuildConfiguration";
         buildSettings = {
            CLANG_ENABLE_MODULES = "YES";
            EMBEDDED_CONTENT_CONTAINS_SWIFT = "YES";
            FRAMEWORK_SEARCH_PATHS = (
               "$(inherited)",
               "$(PLATFORM_DIR)/Developer/Library/Frameworks"
            );
            HEADER_SEARCH_PATHS = (
               "$(inherited)",
               "$(SRCROOT)/.build/checkouts/YYCache/YYCache/include"
            );
            INFOPLIST_FILE = "EFStorage.xcodeproj/EFStorageTests_Info.plist";
            IPHONEOS_DEPLOYMENT_TARGET = "8.0";
            LD_RUNPATH_SEARCH_PATHS = (
               "$(inherited)",
               "@loader_path/../Frameworks",
               "@loader_path/Frameworks"
            );
            MACOSX_DEPLOYMENT_TARGET = "10.10";
            OTHER_CFLAGS = (
               "$(inherited)"
            );
            OTHER_LDFLAGS = (
               "$(inherited)"
            );
            OTHER_SWIFT_FLAGS = (
               "$(inherited)"
            );
            SWIFT_ACTIVE_COMPILATION_CONDITIONS = (
               "$(inherited)"
            );
            SWIFT_VERSION = "5.0";
            TARGET_NAME = "EFStorageTests";
            TVOS_DEPLOYMENT_TARGET = "9.0";
            WATCHOS_DEPLOYMENT_TARGET = "2.0";
         };
         name = "Release";
      };
      "OBJ_121" = {
         isa = "PBXSourcesBuildPhase";
         files = (
            "OBJ_122",
            "OBJ_123"
         );
      };
      "OBJ_122" = {
         isa = "PBXBuildFile";
         fileRef = "OBJ_34";
      };
      "OBJ_123" = {
         isa = "PBXBuildFile";
         fileRef = "OBJ_35";
      };
      "OBJ_124" = {
         isa = "PBXFrameworksBuildPhase";
         files = (
            "OBJ_125",
            "OBJ_126",
            "OBJ_127",
            "OBJ_128",
            "OBJ_129",
            "OBJ_130"
         );
      };
      "OBJ_125" = {
         isa = "PBXBuildFile";
         fileRef = "EFStorage::EFStorageYYCache::Product";
      };
      "OBJ_126" = {
         isa = "PBXBuildFile";
         fileRef = "YYCache::YYCache::Product";
      };
      "OBJ_127" = {
         isa = "PBXBuildFile";
         fileRef = "EFStorage::EFStorageUserDefaults::Product";
      };
      "OBJ_128" = {
         isa = "PBXBuildFile";
         fileRef = "EFStorage::EFStorageKeychainAccess::Product";
      };
      "OBJ_129" = {
         isa = "PBXBuildFile";
         fileRef = "KeychainAccess::KeychainAccess::Product";
      };
      "OBJ_13" = {
         isa = "PBXFileReference";
         path = "EFStorage.swift";
         sourceTree = "<group>";
      };
      "OBJ_130" = {
         isa = "PBXBuildFile";
         fileRef = "EFStorage::EFStorageCore::Product";
      };
      "OBJ_131" = {
         isa = "PBXTargetDependency";
         target = "EFStorage::EFStorageYYCache";
      };
      "OBJ_132" = {
         isa = "PBXTargetDependency";
         target = "YYCache::YYCache";
      };
      "OBJ_134" = {
         isa = "PBXTargetDependency";
         target = "EFStorage::EFStorageUserDefaults";
      };
      "OBJ_135" = {
         isa = "PBXTargetDependency";
         target = "EFStorage::EFStorageKeychainAccess";
      };
      "OBJ_136" = {
         isa = "PBXTargetDependency";
         target = "KeychainAccess::KeychainAccess";
      };
      "OBJ_137" = {
         isa = "PBXTargetDependency";
         target = "EFStorage::EFStorageCore";
      };
      "OBJ_138" = {
         isa = "XCConfigurationList";
         buildConfigurations = (
            "OBJ_139",
            "OBJ_140"
         );
         defaultConfigurationIsVisible = "0";
         defaultConfigurationName = "Release";
      };
      "OBJ_139" = {
         isa = "XCBuildConfiguration";
         buildSettings = {
            ENABLE_TESTABILITY = "YES";
            FRAMEWORK_SEARCH_PATHS = (
               "$(inherited)",
               "$(PLATFORM_DIR)/Developer/Library/Frameworks"
            );
            HEADER_SEARCH_PATHS = (
               "$(inherited)"
            );
            INFOPLIST_FILE = "EFStorage.xcodeproj/EFStorageUserDefaults_Info.plist";
            IPHONEOS_DEPLOYMENT_TARGET = "8.0";
            LD_RUNPATH_SEARCH_PATHS = (
               "$(inherited)",
               "$(TOOLCHAIN_DIR)/usr/lib/swift/macosx"
            );
            MACOSX_DEPLOYMENT_TARGET = "10.10";
            OTHER_CFLAGS = (
               "$(inherited)"
            );
            OTHER_LDFLAGS = (
               "$(inherited)"
            );
            OTHER_SWIFT_FLAGS = (
               "$(inherited)"
            );
            PRODUCT_BUNDLE_IDENTIFIER = "EFStorageUserDefaults";
            PRODUCT_MODULE_NAME = "$(TARGET_NAME:c99extidentifier)";
            PRODUCT_NAME = "$(TARGET_NAME:c99extidentifier)";
            SKIP_INSTALL = "YES";
            SWIFT_ACTIVE_COMPILATION_CONDITIONS = (
               "$(inherited)"
            );
            SWIFT_VERSION = "5.0";
            TARGET_NAME = "EFStorageUserDefaults";
            TVOS_DEPLOYMENT_TARGET = "9.0";
            WATCHOS_DEPLOYMENT_TARGET = "2.0";
         };
         name = "Debug";
      };
      "OBJ_14" = {
         isa = "PBXFileReference";
         path = "EFStorageInternal.swift";
         sourceTree = "<group>";
      };
      "OBJ_140" = {
         isa = "XCBuildConfiguration";
         buildSettings = {
            ENABLE_TESTABILITY = "YES";
            FRAMEWORK_SEARCH_PATHS = (
               "$(inherited)",
               "$(PLATFORM_DIR)/Developer/Library/Frameworks"
            );
            HEADER_SEARCH_PATHS = (
               "$(inherited)"
            );
            INFOPLIST_FILE = "EFStorage.xcodeproj/EFStorageUserDefaults_Info.plist";
            IPHONEOS_DEPLOYMENT_TARGET = "8.0";
            LD_RUNPATH_SEARCH_PATHS = (
               "$(inherited)",
               "$(TOOLCHAIN_DIR)/usr/lib/swift/macosx"
            );
            MACOSX_DEPLOYMENT_TARGET = "10.10";
            OTHER_CFLAGS = (
               "$(inherited)"
            );
            OTHER_LDFLAGS = (
               "$(inherited)"
            );
            OTHER_SWIFT_FLAGS = (
               "$(inherited)"
            );
            PRODUCT_BUNDLE_IDENTIFIER = "EFStorageUserDefaults";
            PRODUCT_MODULE_NAME = "$(TARGET_NAME:c99extidentifier)";
            PRODUCT_NAME = "$(TARGET_NAME:c99extidentifier)";
            SKIP_INSTALL = "YES";
            SWIFT_ACTIVE_COMPILATION_CONDITIONS = (
               "$(inherited)"
            );
            SWIFT_VERSION = "5.0";
            TARGET_NAME = "EFStorageUserDefaults";
            TVOS_DEPLOYMENT_TARGET = "9.0";
            WATCHOS_DEPLOYMENT_TARGET = "2.0";
         };
         name = "Release";
      };
      "OBJ_141" = {
         isa = "PBXSourcesBuildPhase";
         files = (
            "OBJ_142",
            "OBJ_143",
            "OBJ_144",
            "OBJ_145",
            "OBJ_146"
         );
      };
      "OBJ_142" = {
         isa = "PBXBuildFile";
         fileRef = "OBJ_23";
      };
      "OBJ_143" = {
         isa = "PBXBuildFile";
         fileRef = "OBJ_24";
      };
      "OBJ_144" = {
         isa = "PBXBuildFile";
         fileRef = "OBJ_25";
      };
      "OBJ_145" = {
         isa = "PBXBuildFile";
         fileRef = "OBJ_26";
      };
      "OBJ_146" = {
         isa = "PBXBuildFile";
         fileRef = "OBJ_27";
      };
      "OBJ_147" = {
         isa = "PBXFrameworksBuildPhase";
         files = (
            "OBJ_148"
         );
      };
      "OBJ_148" = {
         isa = "PBXBuildFile";
         fileRef = "EFStorage::EFStorageCore::Product";
      };
      "OBJ_149" = {
         isa = "PBXTargetDependency";
         target = "EFStorage::EFStorageCore";
      };
      "OBJ_15" = {
         isa = "PBXFileReference";
         path = "EFUnderlyingStorage.swift";
         sourceTree = "<group>";
      };
      "OBJ_150" = {
         isa = "XCConfigurationList";
         buildConfigurations = (
            "OBJ_151",
            "OBJ_152"
         );
         defaultConfigurationIsVisible = "0";
         defaultConfigurationName = "Release";
      };
      "OBJ_151" = {
         isa = "XCBuildConfiguration";
         buildSettings = {
            ENABLE_TESTABILITY = "YES";
            FRAMEWORK_SEARCH_PATHS = (
               "$(inherited)",
               "$(PLATFORM_DIR)/Developer/Library/Frameworks"
            );
            HEADER_SEARCH_PATHS = (
               "$(inherited)",
               "$(SRCROOT)/.build/checkouts/YYCache/YYCache/include"
            );
            INFOPLIST_FILE = "EFStorage.xcodeproj/EFStorageYYCache_Info.plist";
            IPHONEOS_DEPLOYMENT_TARGET = "8.0";
            LD_RUNPATH_SEARCH_PATHS = (
               "$(inherited)",
               "$(TOOLCHAIN_DIR)/usr/lib/swift/macosx"
            );
            MACOSX_DEPLOYMENT_TARGET = "10.10";
            OTHER_CFLAGS = (
               "$(inherited)"
            );
            OTHER_LDFLAGS = (
               "$(inherited)"
            );
            OTHER_SWIFT_FLAGS = (
               "$(inherited)"
            );
            PRODUCT_BUNDLE_IDENTIFIER = "EFStorageYYCache";
            PRODUCT_MODULE_NAME = "$(TARGET_NAME:c99extidentifier)";
            PRODUCT_NAME = "$(TARGET_NAME:c99extidentifier)";
            SKIP_INSTALL = "YES";
            SWIFT_ACTIVE_COMPILATION_CONDITIONS = (
               "$(inherited)"
            );
            SWIFT_VERSION = "5.0";
            TARGET_NAME = "EFStorageYYCache";
            TVOS_DEPLOYMENT_TARGET = "9.0";
            WATCHOS_DEPLOYMENT_TARGET = "2.0";
         };
         name = "Debug";
      };
      "OBJ_152" = {
         isa = "XCBuildConfiguration";
         buildSettings = {
            ENABLE_TESTABILITY = "YES";
            FRAMEWORK_SEARCH_PATHS = (
               "$(inherited)",
               "$(PLATFORM_DIR)/Developer/Library/Frameworks"
            );
            HEADER_SEARCH_PATHS = (
               "$(inherited)",
               "$(SRCROOT)/.build/checkouts/YYCache/YYCache/include"
            );
            INFOPLIST_FILE = "EFStorage.xcodeproj/EFStorageYYCache_Info.plist";
            IPHONEOS_DEPLOYMENT_TARGET = "8.0";
            LD_RUNPATH_SEARCH_PATHS = (
               "$(inherited)",
               "$(TOOLCHAIN_DIR)/usr/lib/swift/macosx"
            );
            MACOSX_DEPLOYMENT_TARGET = "10.10";
            OTHER_CFLAGS = (
               "$(inherited)"
            );
            OTHER_LDFLAGS = (
               "$(inherited)"
            );
            OTHER_SWIFT_FLAGS = (
               "$(inherited)"
            );
            PRODUCT_BUNDLE_IDENTIFIER = "EFStorageYYCache";
            PRODUCT_MODULE_NAME = "$(TARGET_NAME:c99extidentifier)";
            PRODUCT_NAME = "$(TARGET_NAME:c99extidentifier)";
            SKIP_INSTALL = "YES";
            SWIFT_ACTIVE_COMPILATION_CONDITIONS = (
               "$(inherited)"
            );
            SWIFT_VERSION = "5.0";
            TARGET_NAME = "EFStorageYYCache";
            TVOS_DEPLOYMENT_TARGET = "9.0";
            WATCHOS_DEPLOYMENT_TARGET = "2.0";
         };
         name = "Release";
      };
      "OBJ_153" = {
         isa = "PBXSourcesBuildPhase";
         files = (
            "OBJ_154",
            "OBJ_155",
            "OBJ_156"
         );
      };
      "OBJ_154" = {
         isa = "PBXBuildFile";
         fileRef = "OBJ_29";
      };
      "OBJ_155" = {
         isa = "PBXBuildFile";
         fileRef = "OBJ_30";
      };
      "OBJ_156" = {
         isa = "PBXBuildFile";
         fileRef = "OBJ_31";
      };
      "OBJ_157" = {
         isa = "PBXFrameworksBuildPhase";
         files = (
            "OBJ_158",
            "OBJ_159"
         );
      };
      "OBJ_158" = {
         isa = "PBXBuildFile";
         fileRef = "YYCache::YYCache::Product";
      };
      "OBJ_159" = {
         isa = "PBXBuildFile";
         fileRef = "EFStorage::EFStorageCore::Product";
      };
      "OBJ_16" = {
         isa = "PBXGroup";
         children = (
            "OBJ_17",
            "OBJ_18",
            "OBJ_19",
            "OBJ_20",
            "OBJ_21"
         );
         name = "EFStorageKeychainAccess";
         path = "Sources/EFStorageKeychainAccess";
         sourceTree = "SOURCE_ROOT";
      };
      "OBJ_160" = {
         isa = "PBXTargetDependency";
         target = "YYCache::YYCache";
      };
      "OBJ_161" = {
         isa = "PBXTargetDependency";
         target = "EFStorage::EFStorageCore";
      };
      "OBJ_162" = {
         isa = "XCConfigurationList";
         buildConfigurations = (
            "OBJ_163",
            "OBJ_164"
         );
         defaultConfigurationIsVisible = "0";
         defaultConfigurationName = "Release";
      };
      "OBJ_163" = {
         isa = "XCBuildConfiguration";
         buildSettings = {
            ENABLE_TESTABILITY = "YES";
            FRAMEWORK_SEARCH_PATHS = (
               "$(inherited)",
               "$(PLATFORM_DIR)/Developer/Library/Frameworks"
            );
            HEADER_SEARCH_PATHS = (
               "$(inherited)"
            );
            INFOPLIST_FILE = "EFStorage.xcodeproj/KeychainAccess_Info.plist";
            LD_RUNPATH_SEARCH_PATHS = (
               "$(inherited)",
               "$(TOOLCHAIN_DIR)/usr/lib/swift/macosx"
            );
            OTHER_CFLAGS = (
               "$(inherited)"
            );
            OTHER_LDFLAGS = (
               "$(inherited)"
            );
            OTHER_SWIFT_FLAGS = (
               "$(inherited)"
            );
            PRODUCT_BUNDLE_IDENTIFIER = "KeychainAccess";
            PRODUCT_MODULE_NAME = "$(TARGET_NAME:c99extidentifier)";
            PRODUCT_NAME = "$(TARGET_NAME:c99extidentifier)";
            SKIP_INSTALL = "YES";
            SWIFT_ACTIVE_COMPILATION_CONDITIONS = (
               "$(inherited)"
            );
            SWIFT_VERSION = "4.0";
            TARGET_NAME = "KeychainAccess";
         };
         name = "Debug";
      };
      "OBJ_164" = {
         isa = "XCBuildConfiguration";
         buildSettings = {
            ENABLE_TESTABILITY = "YES";
            FRAMEWORK_SEARCH_PATHS = (
               "$(inherited)",
               "$(PLATFORM_DIR)/Developer/Library/Frameworks"
            );
            HEADER_SEARCH_PATHS = (
               "$(inherited)"
            );
            INFOPLIST_FILE = "EFStorage.xcodeproj/KeychainAccess_Info.plist";
            LD_RUNPATH_SEARCH_PATHS = (
               "$(inherited)",
               "$(TOOLCHAIN_DIR)/usr/lib/swift/macosx"
            );
            OTHER_CFLAGS = (
               "$(inherited)"
            );
            OTHER_LDFLAGS = (
               "$(inherited)"
            );
            OTHER_SWIFT_FLAGS = (
               "$(inherited)"
            );
            PRODUCT_BUNDLE_IDENTIFIER = "KeychainAccess";
            PRODUCT_MODULE_NAME = "$(TARGET_NAME:c99extidentifier)";
            PRODUCT_NAME = "$(TARGET_NAME:c99extidentifier)";
            SKIP_INSTALL = "YES";
            SWIFT_ACTIVE_COMPILATION_CONDITIONS = (
               "$(inherited)"
            );
            SWIFT_VERSION = "4.0";
            TARGET_NAME = "KeychainAccess";
         };
         name = "Release";
      };
      "OBJ_165" = {
         isa = "PBXSourcesBuildPhase";
         files = (
            "OBJ_166"
         );
      };
      "OBJ_166" = {
         isa = "PBXBuildFile";
         fileRef = "OBJ_51";
      };
      "OBJ_167" = {
         isa = "PBXFrameworksBuildPhase";
         files = (
         );
      };
      "OBJ_169" = {
         isa = "XCConfigurationList";
         buildConfigurations = (
            "OBJ_170",
            "OBJ_171"
         );
         defaultConfigurationIsVisible = "0";
         defaultConfigurationName = "Release";
      };
      "OBJ_17" = {
         isa = "PBXFileReference";
         path = "EFStorage+KeychainAccess.swift";
         sourceTree = "<group>";
      };
      "OBJ_170" = {
         isa = "XCBuildConfiguration";
         buildSettings = {
            LD = "/usr/bin/true";
            OTHER_SWIFT_FLAGS = (
               "-swift-version",
               "4",
               "-I",
               "$(TOOLCHAIN_DIR)/usr/lib/swift/pm/4",
               "-target",
               "x86_64-apple-macosx10.10",
               "-sdk",
               "/Applications/Xcode.app/Contents/Developer/Platforms/MacOSX.platform/Developer/SDKs/MacOSX10.14.sdk"
            );
            SWIFT_VERSION = "4.0";
         };
         name = "Debug";
      };
      "OBJ_171" = {
         isa = "XCBuildConfiguration";
         buildSettings = {
            LD = "/usr/bin/true";
            OTHER_SWIFT_FLAGS = (
               "-swift-version",
               "4",
               "-I",
               "$(TOOLCHAIN_DIR)/usr/lib/swift/pm/4",
               "-target",
               "x86_64-apple-macosx10.10",
               "-sdk",
               "/Applications/Xcode.app/Contents/Developer/Platforms/MacOSX.platform/Developer/SDKs/MacOSX10.14.sdk"
            );
            SWIFT_VERSION = "4.0";
         };
         name = "Release";
      };
      "OBJ_172" = {
         isa = "PBXSourcesBuildPhase";
         files = (
            "OBJ_173"
         );
      };
      "OBJ_173" = {
         isa = "PBXBuildFile";
         fileRef = "OBJ_52";
      };
      "OBJ_174" = {
         isa = "XCConfigurationList";
         buildConfigurations = (
            "OBJ_175",
            "OBJ_176"
         );
         defaultConfigurationIsVisible = "0";
         defaultConfigurationName = "Release";
      };
      "OBJ_175" = {
         isa = "XCBuildConfiguration";
         buildSettings = {
            CLANG_ENABLE_MODULES = "YES";
            DEFINES_MODULE = "YES";
            ENABLE_TESTABILITY = "YES";
            FRAMEWORK_SEARCH_PATHS = (
               "$(inherited)",
               "$(PLATFORM_DIR)/Developer/Library/Frameworks"
            );
            HEADER_SEARCH_PATHS = (
               "$(inherited)",
               "$(SRCROOT)/.build/checkouts/YYCache/YYCache/include"
            );
            INFOPLIST_FILE = "EFStorage.xcodeproj/YYCache_Info.plist";
            IPHONEOS_DEPLOYMENT_TARGET = "8.0";
            LD_RUNPATH_SEARCH_PATHS = (
               "$(inherited)",
               "$(TOOLCHAIN_DIR)/usr/lib/swift/macosx"
            );
            MACOSX_DEPLOYMENT_TARGET = "10.10";
            OTHER_CFLAGS = (
               "$(inherited)"
            );
            OTHER_LDFLAGS = (
               "$(inherited)"
            );
            OTHER_SWIFT_FLAGS = (
               "$(inherited)"
            );
            PRODUCT_BUNDLE_IDENTIFIER = "YYCache";
            PRODUCT_MODULE_NAME = "$(TARGET_NAME:c99extidentifier)";
            PRODUCT_NAME = "$(TARGET_NAME:c99extidentifier)";
            SKIP_INSTALL = "YES";
            SWIFT_ACTIVE_COMPILATION_CONDITIONS = (
               "$(inherited)"
            );
            TARGET_NAME = "YYCache";
            TVOS_DEPLOYMENT_TARGET = "9.0";
            WATCHOS_DEPLOYMENT_TARGET = "2.0";
         };
         name = "Debug";
      };
      "OBJ_176" = {
         isa = "XCBuildConfiguration";
         buildSettings = {
            CLANG_ENABLE_MODULES = "YES";
            DEFINES_MODULE = "YES";
            ENABLE_TESTABILITY = "YES";
            FRAMEWORK_SEARCH_PATHS = (
               "$(inherited)",
               "$(PLATFORM_DIR)/Developer/Library/Frameworks"
            );
            HEADER_SEARCH_PATHS = (
               "$(inherited)",
               "$(SRCROOT)/.build/checkouts/YYCache/YYCache/include"
            );
            INFOPLIST_FILE = "EFStorage.xcodeproj/YYCache_Info.plist";
            IPHONEOS_DEPLOYMENT_TARGET = "8.0";
            LD_RUNPATH_SEARCH_PATHS = (
               "$(inherited)",
               "$(TOOLCHAIN_DIR)/usr/lib/swift/macosx"
            );
            MACOSX_DEPLOYMENT_TARGET = "10.10";
            OTHER_CFLAGS = (
               "$(inherited)"
            );
            OTHER_LDFLAGS = (
               "$(inherited)"
            );
            OTHER_SWIFT_FLAGS = (
               "$(inherited)"
            );
            PRODUCT_BUNDLE_IDENTIFIER = "YYCache";
            PRODUCT_MODULE_NAME = "$(TARGET_NAME:c99extidentifier)";
            PRODUCT_NAME = "$(TARGET_NAME:c99extidentifier)";
            SKIP_INSTALL = "YES";
            SWIFT_ACTIVE_COMPILATION_CONDITIONS = (
               "$(inherited)"
            );
            TARGET_NAME = "YYCache";
            TVOS_DEPLOYMENT_TARGET = "9.0";
            WATCHOS_DEPLOYMENT_TARGET = "2.0";
         };
         name = "Release";
      };
      "OBJ_177" = {
         isa = "PBXSourcesBuildPhase";
         files = (
            "OBJ_178",
            "OBJ_179",
            "OBJ_180",
            "OBJ_181"
         );
      };
      "OBJ_178" = {
         isa = "PBXBuildFile";
         fileRef = "OBJ_39";
      };
      "OBJ_179" = {
         isa = "PBXBuildFile";
         fileRef = "OBJ_40";
      };
      "OBJ_18" = {
         isa = "PBXFileReference";
         path = "KeychainAccess+Codable.swift";
         sourceTree = "<group>";
      };
      "OBJ_180" = {
         isa = "PBXBuildFile";
         fileRef = "OBJ_41";
      };
      "OBJ_181" = {
         isa = "PBXBuildFile";
         fileRef = "OBJ_42";
      };
      "OBJ_182" = {
         isa = "PBXHeadersBuildPhase";
         files = (
            "OBJ_183",
            "OBJ_184",
            "OBJ_185",
            "OBJ_186"
         );
      };
      "OBJ_183" = {
         isa = "PBXBuildFile";
         fileRef = "OBJ_44";
         settings = {
            ATTRIBUTES = (
               "Public"
            );
         };
      };
      "OBJ_184" = {
         isa = "PBXBuildFile";
         fileRef = "OBJ_45";
         settings = {
            ATTRIBUTES = (
               "Public"
            );
         };
      };
      "OBJ_185" = {
         isa = "PBXBuildFile";
         fileRef = "OBJ_46";
         settings = {
            ATTRIBUTES = (
               "Public"
            );
         };
      };
      "OBJ_186" = {
         isa = "PBXBuildFile";
         fileRef = "OBJ_47";
         settings = {
            ATTRIBUTES = (
               "Public"
            );
         };
      };
      "OBJ_187" = {
         isa = "PBXFrameworksBuildPhase";
         files = (
         );
      };
      "OBJ_189" = {
         isa = "XCConfigurationList";
         buildConfigurations = (
            "OBJ_190",
            "OBJ_191"
         );
         defaultConfigurationIsVisible = "0";
         defaultConfigurationName = "Release";
      };
      "OBJ_19" = {
         isa = "PBXFileReference";
         path = "KeychainAccess+NSCoding.swift";
         sourceTree = "<group>";
      };
      "OBJ_190" = {
         isa = "XCBuildConfiguration";
         buildSettings = {
            LD = "/usr/bin/true";
            OTHER_SWIFT_FLAGS = (
               "-swift-version",
               "5",
               "-I",
               "$(TOOLCHAIN_DIR)/usr/lib/swift/pm/4_2",
               "-target",
               "x86_64-apple-macosx10.10",
               "-sdk",
               "/Applications/Xcode.app/Contents/Developer/Platforms/MacOSX.platform/Developer/SDKs/MacOSX10.14.sdk"
            );
            SWIFT_VERSION = "5.0";
         };
         name = "Debug";
      };
      "OBJ_191" = {
         isa = "XCBuildConfiguration";
         buildSettings = {
            LD = "/usr/bin/true";
            OTHER_SWIFT_FLAGS = (
               "-swift-version",
               "5",
               "-I",
               "$(TOOLCHAIN_DIR)/usr/lib/swift/pm/4_2",
               "-target",
               "x86_64-apple-macosx10.10",
               "-sdk",
               "/Applications/Xcode.app/Contents/Developer/Platforms/MacOSX.platform/Developer/SDKs/MacOSX10.14.sdk"
            );
            SWIFT_VERSION = "5.0";
         };
         name = "Release";
      };
      "OBJ_192" = {
         isa = "PBXSourcesBuildPhase";
         files = (
            "OBJ_193"
         );
      };
      "OBJ_193" = {
         isa = "PBXBuildFile";
         fileRef = "OBJ_48";
      };
      "OBJ_2" = {
         isa = "XCConfigurationList";
         buildConfigurations = (
            "OBJ_3",
            "OBJ_4"
         );
         defaultConfigurationIsVisible = "0";
         defaultConfigurationName = "Release";
      };
      "OBJ_20" = {
         isa = "PBXFileReference";
         path = "KeychainAccess+Primitives.swift";
         sourceTree = "<group>";
      };
      "OBJ_21" = {
         isa = "PBXFileReference";
         path = "KeychainAccess+RawRepresentable.swift";
         sourceTree = "<group>";
      };
      "OBJ_22" = {
         isa = "PBXGroup";
         children = (
            "OBJ_23",
            "OBJ_24",
            "OBJ_25",
            "OBJ_26",
            "OBJ_27"
         );
         name = "EFStorageUserDefaults";
         path = "Sources/EFStorageUserDefaults";
         sourceTree = "SOURCE_ROOT";
      };
      "OBJ_23" = {
         isa = "PBXFileReference";
         path = "EFStorage+UserDefaults.swift";
         sourceTree = "<group>";
      };
      "OBJ_24" = {
         isa = "PBXFileReference";
         path = "UserDefaults+Codable.swift";
         sourceTree = "<group>";
      };
      "OBJ_25" = {
         isa = "PBXFileReference";
         path = "UserDefaults+NSCoding.swift";
         sourceTree = "<group>";
      };
      "OBJ_26" = {
         isa = "PBXFileReference";
         path = "UserDefaults+Primitives.swift";
         sourceTree = "<group>";
      };
      "OBJ_27" = {
         isa = "PBXFileReference";
         path = "UserDefaults+RawRepresentable.swift";
         sourceTree = "<group>";
      };
      "OBJ_28" = {
         isa = "PBXGroup";
         children = (
            "OBJ_29",
            "OBJ_30",
            "OBJ_31"
         );
         name = "EFStorageYYCache";
         path = "Sources/EFStorageYYCache";
         sourceTree = "SOURCE_ROOT";
      };
      "OBJ_29" = {
         isa = "PBXFileReference";
         path = "EFStorage+YYCache.swift";
         sourceTree = "<group>";
      };
      "OBJ_3" = {
         isa = "XCBuildConfiguration";
         buildSettings = {
            CLANG_ENABLE_OBJC_ARC = "YES";
            COMBINE_HIDPI_IMAGES = "YES";
            COPY_PHASE_STRIP = "NO";
            DEBUG_INFORMATION_FORMAT = "dwarf";
            DYLIB_INSTALL_NAME_BASE = "@rpath";
            ENABLE_NS_ASSERTIONS = "YES";
            GCC_OPTIMIZATION_LEVEL = "0";
            GCC_PREPROCESSOR_DEFINITIONS = (
               "$(inherited)",
               "SWIFT_PACKAGE=1",
               "DEBUG=1"
            );
            MACOSX_DEPLOYMENT_TARGET = "10.10";
            ONLY_ACTIVE_ARCH = "YES";
            OTHER_SWIFT_FLAGS = (
               "-DXcode"
            );
            PRODUCT_NAME = "$(TARGET_NAME)";
            SDKROOT = "macosx";
            SUPPORTED_PLATFORMS = (
               "macosx",
               "iphoneos",
               "iphonesimulator",
               "appletvos",
               "appletvsimulator",
               "watchos",
               "watchsimulator"
            );
            SWIFT_ACTIVE_COMPILATION_CONDITIONS = (
               "$(inherited)",
               "SWIFT_PACKAGE",
               "DEBUG"
            );
            SWIFT_OPTIMIZATION_LEVEL = "-Onone";
            USE_HEADERMAP = "NO";
         };
         name = "Debug";
      };
      "OBJ_30" = {
         isa = "PBXFileReference";
         path = "YYCache+Codable.swift";
         sourceTree = "<group>";
      };
      "OBJ_31" = {
         isa = "PBXFileReference";
         path = "YYCache+NSCoding.swift";
         sourceTree = "<group>";
      };
      "OBJ_32" = {
         isa = "PBXGroup";
         children = (
            "OBJ_33"
         );
         name = "Tests";
         path = "";
         sourceTree = "SOURCE_ROOT";
      };
      "OBJ_33" = {
         isa = "PBXGroup";
         children = (
            "OBJ_34",
            "OBJ_35"
         );
         name = "EFStorageTests";
         path = "Tests/EFStorageTests";
         sourceTree = "SOURCE_ROOT";
      };
      "OBJ_34" = {
         isa = "PBXFileReference";
         path = "EFStorageTests.swift";
         sourceTree = "<group>";
      };
      "OBJ_35" = {
         isa = "PBXFileReference";
         path = "XCTestManifests.swift";
         sourceTree = "<group>";
      };
      "OBJ_36" = {
         isa = "PBXGroup";
         children = (
            "OBJ_37",
            "OBJ_49"
         );
         name = "Dependencies";
         path = "";
         sourceTree = "<group>";
      };
      "OBJ_37" = {
         isa = "PBXGroup";
         children = (
            "OBJ_38",
            "OBJ_48"
         );
         name = "YYCache";
         path = "";
         sourceTree = "SOURCE_ROOT";
      };
      "OBJ_38" = {
         isa = "PBXGroup";
         children = (
            "OBJ_39",
            "OBJ_40",
            "OBJ_41",
            "OBJ_42",
            "OBJ_43"
         );
         name = "YYCache";
         path = ".build/checkouts/YYCache/YYCache";
         sourceTree = "SOURCE_ROOT";
      };
      "OBJ_39" = {
         isa = "PBXFileReference";
         path = "YYCache.m";
         sourceTree = "<group>";
      };
      "OBJ_4" = {
         isa = "XCBuildConfiguration";
         buildSettings = {
            CLANG_ENABLE_OBJC_ARC = "YES";
            COMBINE_HIDPI_IMAGES = "YES";
            COPY_PHASE_STRIP = "YES";
            DEBUG_INFORMATION_FORMAT = "dwarf-with-dsym";
            DYLIB_INSTALL_NAME_BASE = "@rpath";
            GCC_OPTIMIZATION_LEVEL = "s";
            GCC_PREPROCESSOR_DEFINITIONS = (
               "$(inherited)",
               "SWIFT_PACKAGE=1"
            );
            MACOSX_DEPLOYMENT_TARGET = "10.10";
            OTHER_SWIFT_FLAGS = (
               "-DXcode"
            );
            PRODUCT_NAME = "$(TARGET_NAME)";
            SDKROOT = "macosx";
            SUPPORTED_PLATFORMS = (
               "macosx",
               "iphoneos",
               "iphonesimulator",
               "appletvos",
               "appletvsimulator",
               "watchos",
               "watchsimulator"
            );
            SWIFT_ACTIVE_COMPILATION_CONDITIONS = (
               "$(inherited)",
               "SWIFT_PACKAGE"
            );
            SWIFT_OPTIMIZATION_LEVEL = "-Owholemodule";
            USE_HEADERMAP = "NO";
         };
         name = "Release";
      };
      "OBJ_40" = {
         isa = "PBXFileReference";
         path = "YYDiskCache.m";
         sourceTree = "<group>";
      };
      "OBJ_41" = {
         isa = "PBXFileReference";
         path = "YYKVStorage.m";
         sourceTree = "<group>";
      };
      "OBJ_42" = {
         isa = "PBXFileReference";
         path = "YYMemoryCache.m";
         sourceTree = "<group>";
      };
      "OBJ_43" = {
         isa = "PBXGroup";
         children = (
            "OBJ_44",
            "OBJ_45",
            "OBJ_46",
            "OBJ_47"
         );
         name = "include";
         path = "include";
         sourceTree = "<group>";
      };
      "OBJ_44" = {
         isa = "PBXFileReference";
         path = "YYKVStorage.h";
         sourceTree = "<group>";
      };
      "OBJ_45" = {
         isa = "PBXFileReference";
         path = "YYMemoryCache.h";
         sourceTree = "<group>";
      };
      "OBJ_46" = {
         isa = "PBXFileReference";
         path = "YYDiskCache.h";
         sourceTree = "<group>";
      };
      "OBJ_47" = {
         isa = "PBXFileReference";
         path = "YYCache.h";
         sourceTree = "<group>";
      };
      "OBJ_48" = {
         isa = "PBXFileReference";
         explicitFileType = "sourcecode.swift";
         name = "Package.swift";
         path = "/Users/apollonyan/Documents/Git-Repo/EFStorage/.build/checkouts/YYCache/Package.swift";
         sourceTree = "<group>";
      };
      "OBJ_49" = {
         isa = "PBXGroup";
         children = (
            "OBJ_50",
            "OBJ_52"
         );
         name = "KeychainAccess 3.2.0";
         path = "";
         sourceTree = "SOURCE_ROOT";
      };
      "OBJ_5" = {
         isa = "PBXGroup";
         children = (
            "OBJ_6",
            "OBJ_7",
            "OBJ_32",
            "OBJ_36",
            "OBJ_53",
            "OBJ_61",
            "OBJ_62",
            "OBJ_63",
            "OBJ_64",
            "OBJ_65",
            "OBJ_66"
         );
         path = "";
         sourceTree = "<group>";
      };
      "OBJ_50" = {
         isa = "PBXGroup";
         children = (
            "OBJ_51"
         );
         name = "KeychainAccess";
         path = ".build/checkouts/KeychainAccess/Lib/KeychainAccess";
         sourceTree = "SOURCE_ROOT";
      };
      "OBJ_51" = {
         isa = "PBXFileReference";
         path = "Keychain.swift";
         sourceTree = "<group>";
      };
      "OBJ_52" = {
         isa = "PBXFileReference";
         explicitFileType = "sourcecode.swift";
         name = "Package.swift";
         path = "/Users/apollonyan/Documents/Git-Repo/EFStorage/.build/checkouts/KeychainAccess/Package.swift";
         sourceTree = "<group>";
      };
      "OBJ_53" = {
         isa = "PBXGroup";
         children = (
            "YYCache::YYCache::Product",
            "EFStorage::EFStorageTests::Product",
            "EFStorage::EFStorageKeychainAccess::Product",
            "EFStorage::EFStorageYYCache::Product",
            "EFStorage::EFStorageCore::Product",
            "EFStorage::EFStorageUserDefaults::Product",
            "KeychainAccess::KeychainAccess::Product"
         );
         name = "Products";
         path = "";
         sourceTree = "BUILT_PRODUCTS_DIR";
      };
      "OBJ_6" = {
         isa = "PBXFileReference";
         explicitFileType = "sourcecode.swift";
         path = "Package.swift";
         sourceTree = "<group>";
      };
      "OBJ_61" = {
         isa = "PBXFileReference";
         path = "Example";
         sourceTree = "SOURCE_ROOT";
      };
      "OBJ_62" = {
         isa = "PBXFileReference";
         path = "wiki";
         sourceTree = "SOURCE_ROOT";
      };
      "OBJ_63" = {
         isa = "PBXFileReference";
         path = "Cocoapods";
         sourceTree = "SOURCE_ROOT";
      };
      "OBJ_64" = {
         isa = "PBXFileReference";
         path = "LICENSE";
         sourceTree = "<group>";
      };
      "OBJ_65" = {
         isa = "PBXFileReference";
         path = "EFStorage.podspec";
         sourceTree = "<group>";
      };
      "OBJ_66" = {
         isa = "PBXFileReference";
         path = "README.md";
         sourceTree = "<group>";
      };
      "OBJ_68" = {
         isa = "XCConfigurationList";
         buildConfigurations = (
            "OBJ_69",
            "OBJ_70"
         );
         defaultConfigurationIsVisible = "0";
         defaultConfigurationName = "Release";
      };
      "OBJ_69" = {
         isa = "XCBuildConfiguration";
         buildSettings = {
         };
         name = "Debug";
      };
      "OBJ_7" = {
         isa = "PBXGroup";
         children = (
            "OBJ_8",
            "OBJ_16",
            "OBJ_22",
            "OBJ_28"
         );
         name = "Sources";
         path = "";
         sourceTree = "SOURCE_ROOT";
      };
      "OBJ_70" = {
         isa = "XCBuildConfiguration";
         buildSettings = {
         };
         name = "Release";
      };
      "OBJ_71" = {
         isa = "PBXTargetDependency";
         target = "EFStorage::EFStorageCore";
      };
      "OBJ_73" = {
         isa = "PBXTargetDependency";
         target = "EFStorage::EFStorageKeychainAccess";
      };
      "OBJ_75" = {
         isa = "PBXTargetDependency";
         target = "EFStorage::EFStorageUserDefaults";
      };
      "OBJ_77" = {
         isa = "PBXTargetDependency";
         target = "EFStorage::EFStorageYYCache";
      };
      "OBJ_79" = {
         isa = "XCConfigurationList";
         buildConfigurations = (
            "OBJ_80",
            "OBJ_81"
         );
         defaultConfigurationIsVisible = "0";
         defaultConfigurationName = "Release";
      };
      "OBJ_8" = {
         isa = "PBXGroup";
         children = (
            "OBJ_9",
            "OBJ_10",
            "OBJ_11",
            "OBJ_12",
            "OBJ_13",
            "OBJ_14",
            "OBJ_15"
         );
         name = "EFStorageCore";
         path = "Sources/EFStorageCore";
         sourceTree = "SOURCE_ROOT";
      };
      "OBJ_80" = {
         isa = "XCBuildConfiguration";
         buildSettings = {
            ENABLE_TESTABILITY = "YES";
            FRAMEWORK_SEARCH_PATHS = (
               "$(inherited)",
               "$(PLATFORM_DIR)/Developer/Library/Frameworks"
            );
            HEADER_SEARCH_PATHS = (
               "$(inherited)"
            );
            INFOPLIST_FILE = "EFStorage.xcodeproj/EFStorageCore_Info.plist";
            IPHONEOS_DEPLOYMENT_TARGET = "8.0";
            LD_RUNPATH_SEARCH_PATHS = (
               "$(inherited)",
               "$(TOOLCHAIN_DIR)/usr/lib/swift/macosx"
            );
            MACOSX_DEPLOYMENT_TARGET = "10.10";
            OTHER_CFLAGS = (
               "$(inherited)"
            );
            OTHER_LDFLAGS = (
               "$(inherited)"
            );
            OTHER_SWIFT_FLAGS = (
               "$(inherited)"
            );
            PRODUCT_BUNDLE_IDENTIFIER = "EFStorageCore";
            PRODUCT_MODULE_NAME = "$(TARGET_NAME:c99extidentifier)";
            PRODUCT_NAME = "$(TARGET_NAME:c99extidentifier)";
            SKIP_INSTALL = "YES";
            SWIFT_ACTIVE_COMPILATION_CONDITIONS = (
               "$(inherited)"
            );
            SWIFT_VERSION = "5.0";
            TARGET_NAME = "EFStorageCore";
            TVOS_DEPLOYMENT_TARGET = "9.0";
            WATCHOS_DEPLOYMENT_TARGET = "2.0";
         };
         name = "Debug";
      };
      "OBJ_81" = {
         isa = "XCBuildConfiguration";
         buildSettings = {
            ENABLE_TESTABILITY = "YES";
            FRAMEWORK_SEARCH_PATHS = (
               "$(inherited)",
               "$(PLATFORM_DIR)/Developer/Library/Frameworks"
            );
            HEADER_SEARCH_PATHS = (
               "$(inherited)"
            );
            INFOPLIST_FILE = "EFStorage.xcodeproj/EFStorageCore_Info.plist";
            IPHONEOS_DEPLOYMENT_TARGET = "8.0";
            LD_RUNPATH_SEARCH_PATHS = (
               "$(inherited)",
               "$(TOOLCHAIN_DIR)/usr/lib/swift/macosx"
            );
            MACOSX_DEPLOYMENT_TARGET = "10.10";
            OTHER_CFLAGS = (
               "$(inherited)"
            );
            OTHER_LDFLAGS = (
               "$(inherited)"
            );
            OTHER_SWIFT_FLAGS = (
               "$(inherited)"
            );
            PRODUCT_BUNDLE_IDENTIFIER = "EFStorageCore";
            PRODUCT_MODULE_NAME = "$(TARGET_NAME:c99extidentifier)";
            PRODUCT_NAME = "$(TARGET_NAME:c99extidentifier)";
            SKIP_INSTALL = "YES";
            SWIFT_ACTIVE_COMPILATION_CONDITIONS = (
               "$(inherited)"
            );
            SWIFT_VERSION = "5.0";
            TARGET_NAME = "EFStorageCore";
            TVOS_DEPLOYMENT_TARGET = "9.0";
            WATCHOS_DEPLOYMENT_TARGET = "2.0";
         };
         name = "Release";
      };
      "OBJ_82" = {
         isa = "PBXSourcesBuildPhase";
         files = (
            "OBJ_83",
            "OBJ_84",
            "OBJ_85",
            "OBJ_86",
            "OBJ_87",
            "OBJ_88",
            "OBJ_89"
         );
      };
      "OBJ_83" = {
         isa = "PBXBuildFile";
         fileRef = "OBJ_9";
      };
      "OBJ_84" = {
         isa = "PBXBuildFile";
         fileRef = "OBJ_10";
      };
      "OBJ_85" = {
         isa = "PBXBuildFile";
         fileRef = "OBJ_11";
      };
      "OBJ_86" = {
         isa = "PBXBuildFile";
         fileRef = "OBJ_12";
      };
      "OBJ_87" = {
         isa = "PBXBuildFile";
         fileRef = "OBJ_13";
      };
      "OBJ_88" = {
         isa = "PBXBuildFile";
         fileRef = "OBJ_14";
      };
      "OBJ_89" = {
         isa = "PBXBuildFile";
         fileRef = "OBJ_15";
      };
      "OBJ_9" = {
         isa = "PBXFileReference";
         path = "EFContentWrapper.swift";
         sourceTree = "<group>";
      };
      "OBJ_90" = {
         isa = "PBXFrameworksBuildPhase";
         files = (
         );
      };
      "OBJ_91" = {
         isa = "XCConfigurationList";
         buildConfigurations = (
            "OBJ_92",
            "OBJ_93"
         );
         defaultConfigurationIsVisible = "0";
         defaultConfigurationName = "Release";
      };
      "OBJ_92" = {
         isa = "XCBuildConfiguration";
         buildSettings = {
            ENABLE_TESTABILITY = "YES";
            FRAMEWORK_SEARCH_PATHS = (
               "$(inherited)",
               "$(PLATFORM_DIR)/Developer/Library/Frameworks"
            );
            HEADER_SEARCH_PATHS = (
               "$(inherited)"
            );
            INFOPLIST_FILE = "EFStorage.xcodeproj/EFStorageKeychainAccess_Info.plist";
            IPHONEOS_DEPLOYMENT_TARGET = "8.0";
            LD_RUNPATH_SEARCH_PATHS = (
               "$(inherited)",
               "$(TOOLCHAIN_DIR)/usr/lib/swift/macosx"
            );
            MACOSX_DEPLOYMENT_TARGET = "10.10";
            OTHER_CFLAGS = (
               "$(inherited)"
            );
            OTHER_LDFLAGS = (
               "$(inherited)"
            );
            OTHER_SWIFT_FLAGS = (
               "$(inherited)"
            );
            PRODUCT_BUNDLE_IDENTIFIER = "EFStorageKeychainAccess";
            PRODUCT_MODULE_NAME = "$(TARGET_NAME:c99extidentifier)";
            PRODUCT_NAME = "$(TARGET_NAME:c99extidentifier)";
            SKIP_INSTALL = "YES";
            SWIFT_ACTIVE_COMPILATION_CONDITIONS = (
               "$(inherited)"
            );
            SWIFT_VERSION = "5.0";
            TARGET_NAME = "EFStorageKeychainAccess";
            TVOS_DEPLOYMENT_TARGET = "9.0";
            WATCHOS_DEPLOYMENT_TARGET = "2.0";
         };
         name = "Debug";
      };
      "OBJ_93" = {
         isa = "XCBuildConfiguration";
         buildSettings = {
            ENABLE_TESTABILITY = "YES";
            FRAMEWORK_SEARCH_PATHS = (
               "$(inherited)",
               "$(PLATFORM_DIR)/Developer/Library/Frameworks"
            );
            HEADER_SEARCH_PATHS = (
               "$(inherited)"
            );
            INFOPLIST_FILE = "EFStorage.xcodeproj/EFStorageKeychainAccess_Info.plist";
            IPHONEOS_DEPLOYMENT_TARGET = "8.0";
            LD_RUNPATH_SEARCH_PATHS = (
               "$(inherited)",
               "$(TOOLCHAIN_DIR)/usr/lib/swift/macosx"
            );
            MACOSX_DEPLOYMENT_TARGET = "10.10";
            OTHER_CFLAGS = (
               "$(inherited)"
            );
            OTHER_LDFLAGS = (
               "$(inherited)"
            );
            OTHER_SWIFT_FLAGS = (
               "$(inherited)"
            );
            PRODUCT_BUNDLE_IDENTIFIER = "EFStorageKeychainAccess";
            PRODUCT_MODULE_NAME = "$(TARGET_NAME:c99extidentifier)";
            PRODUCT_NAME = "$(TARGET_NAME:c99extidentifier)";
            SKIP_INSTALL = "YES";
            SWIFT_ACTIVE_COMPILATION_CONDITIONS = (
               "$(inherited)"
            );
            SWIFT_VERSION = "5.0";
            TARGET_NAME = "EFStorageKeychainAccess";
            TVOS_DEPLOYMENT_TARGET = "9.0";
            WATCHOS_DEPLOYMENT_TARGET = "2.0";
         };
         name = "Release";
      };
      "OBJ_94" = {
         isa = "PBXSourcesBuildPhase";
         files = (
            "OBJ_95",
            "OBJ_96",
            "OBJ_97",
            "OBJ_98",
            "OBJ_99"
         );
      };
      "OBJ_95" = {
         isa = "PBXBuildFile";
         fileRef = "OBJ_17";
      };
      "OBJ_96" = {
         isa = "PBXBuildFile";
         fileRef = "OBJ_18";
      };
      "OBJ_97" = {
         isa = "PBXBuildFile";
         fileRef = "OBJ_19";
      };
      "OBJ_98" = {
         isa = "PBXBuildFile";
         fileRef = "OBJ_20";
      };
      "OBJ_99" = {
         isa = "PBXBuildFile";
         fileRef = "OBJ_21";
      };
      "YYCache::SwiftPMPackageDescription" = {
         isa = "PBXNativeTarget";
         buildConfigurationList = "OBJ_189";
         buildPhases = (
            "OBJ_192"
         );
         dependencies = (
         );
         name = "YYCachePackageDescription";
         productName = "YYCachePackageDescription";
         productType = "com.apple.product-type.framework";
      };
      "YYCache::YYCache" = {
         isa = "PBXNativeTarget";
         buildConfigurationList = "OBJ_174";
         buildPhases = (
            "OBJ_177",
            "OBJ_182",
            "OBJ_187"
         );
         dependencies = (
         );
         name = "YYCache";
         productName = "YYCache";
         productReference = "YYCache::YYCache::Product";
         productType = "com.apple.product-type.framework";
      };
      "YYCache::YYCache::Product" = {
         isa = "PBXFileReference";
         path = "YYCache.framework";
         sourceTree = "BUILT_PRODUCTS_DIR";
      };
   };
   rootObject = "OBJ_1";
}
