// !$*UTF8*$!
{
   archiveVersion = "1";
   objectVersion = "46";
   objects = {
      "EFStorage::EFStorage::ProductTarget" = {
         isa = "PBXAggregateTarget";
         buildConfigurationList = "OBJ_32";
         buildPhases = (
         );
         dependencies = (
            "OBJ_35",
            "OBJ_37",
            "OBJ_39"
         );
         name = "EFStorage";
         productName = "EFStorage";
      };
      "EFStorage::EFStorageCore" = {
         isa = "PBXNativeTarget";
         buildConfigurationList = "OBJ_41";
         buildPhases = (
            "OBJ_44",
            "OBJ_46"
         );
         dependencies = (
         );
         name = "EFStorageCore";
         productName = "EFStorageCore";
         productReference = "EFStorage::EFStorageCore::Product";
         productType = "com.apple.product-type.framework";
      };
      "EFStorage::EFStorageCore::Product" = {
         isa = "PBXFileReference";
         path = "EFStorageCore.framework";
         sourceTree = "BUILT_PRODUCTS_DIR";
      };
      "EFStorage::EFStorageKeychain" = {
         isa = "PBXNativeTarget";
         buildConfigurationList = "OBJ_47";
         buildPhases = (
            "OBJ_50",
            "OBJ_52"
         );
         dependencies = (
            "OBJ_55",
            "OBJ_57"
         );
         name = "EFStorageKeychain";
         productName = "EFStorageKeychain";
         productReference = "EFStorage::EFStorageKeychain::Product";
         productType = "com.apple.product-type.framework";
      };
      "EFStorage::EFStorageKeychain::Product" = {
         isa = "PBXFileReference";
         path = "EFStorageKeychain.framework";
         sourceTree = "BUILT_PRODUCTS_DIR";
      };
      "EFStorage::EFStoragePackageTests::ProductTarget" = {
         isa = "PBXAggregateTarget";
         buildConfigurationList = "OBJ_65";
         buildPhases = (
         );
         dependencies = (
            "OBJ_68"
         );
         name = "EFStoragePackageTests";
         productName = "EFStoragePackageTests";
      };
      "EFStorage::EFStorageTests" = {
         isa = "PBXNativeTarget";
         buildConfigurationList = "OBJ_70";
         buildPhases = (
            "OBJ_73",
            "OBJ_76"
         );
         dependencies = (
            "OBJ_81",
            "OBJ_82",
            "OBJ_83",
            "OBJ_84"
         );
         name = "EFStorageTests";
         productName = "EFStorageTests";
         productReference = "EFStorage::EFStorageTests::Product";
         productType = "com.apple.product-type.bundle.unit-test";
      };
      "EFStorage::EFStorageTests::Product" = {
         isa = "PBXFileReference";
         path = "EFStorageTests.xctest";
         sourceTree = "BUILT_PRODUCTS_DIR";
      };
      "EFStorage::EFStorageUserDefaults" = {
         isa = "PBXNativeTarget";
         buildConfigurationList = "OBJ_85";
         buildPhases = (
            "OBJ_88",
            "OBJ_90"
         );
         dependencies = (
            "OBJ_92"
         );
         name = "EFStorageUserDefaults";
         productName = "EFStorageUserDefaults";
         productReference = "EFStorage::EFStorageUserDefaults::Product";
         productType = "com.apple.product-type.framework";
      };
      "EFStorage::EFStorageUserDefaults::Product" = {
         isa = "PBXFileReference";
         path = "EFStorageUserDefaults.framework";
         sourceTree = "BUILT_PRODUCTS_DIR";
      };
      "EFStorage::SwiftPMPackageDescription" = {
         isa = "PBXNativeTarget";
         buildConfigurationList = "OBJ_59";
         buildPhases = (
            "OBJ_62"
         );
         dependencies = (
         );
         name = "EFStoragePackageDescription";
         productName = "EFStoragePackageDescription";
         productType = "com.apple.product-type.framework";
      };
      "KeychainAccess::KeychainAccess" = {
         isa = "PBXNativeTarget";
         buildConfigurationList = "OBJ_93";
         buildPhases = (
            "OBJ_96",
            "OBJ_98"
         );
         dependencies = (
         );
         name = "KeychainAccess";
         productName = "KeychainAccess";
         productReference = "KeychainAccess::KeychainAccess::Product";
         productType = "com.apple.product-type.framework";
      };
      "KeychainAccess::KeychainAccess::Product" = {
         isa = "PBXFileReference";
         path = "KeychainAccess.framework";
         sourceTree = "BUILT_PRODUCTS_DIR";
      };
      "KeychainAccess::SwiftPMPackageDescription" = {
         isa = "PBXNativeTarget";
         buildConfigurationList = "OBJ_100";
         buildPhases = (
            "OBJ_103"
         );
         dependencies = (
         );
         name = "KeychainAccessPackageDescription";
         productName = "KeychainAccessPackageDescription";
         productType = "com.apple.product-type.framework";
      };
      "OBJ_1" = {
         isa = "PBXProject";
         attributes = {
            LastSwiftMigration = "9999";
            LastUpgradeCheck = "9999";
         };
         buildConfigurationList = "OBJ_2";
         compatibilityVersion = "Xcode 3.2";
         developmentRegion = "en";
         hasScannedForEncodings = "0";
         knownRegions = (
            "en"
         );
         mainGroup = "OBJ_5";
         productRefGroup = "OBJ_23";
         projectDirPath = ".";
         targets = (
            "EFStorage::EFStorage::ProductTarget",
            "EFStorage::EFStorageCore",
            "EFStorage::EFStorageKeychain",
            "EFStorage::SwiftPMPackageDescription",
            "EFStorage::EFStoragePackageTests::ProductTarget",
            "EFStorage::EFStorageTests",
            "EFStorage::EFStorageUserDefaults",
            "KeychainAccess::KeychainAccess",
            "KeychainAccess::SwiftPMPackageDescription"
         );
      };
      "OBJ_10" = {
         isa = "PBXGroup";
         children = (
            "OBJ_11"
         );
         name = "EFStorageKeychain";
         path = "Sources/EFStorageKeychain";
         sourceTree = "SOURCE_ROOT";
      };
      "OBJ_100" = {
         isa = "XCConfigurationList";
         buildConfigurations = (
            "OBJ_101",
            "OBJ_102"
         );
         defaultConfigurationIsVisible = "0";
         defaultConfigurationName = "Release";
      };
      "OBJ_101" = {
         isa = "XCBuildConfiguration";
         buildSettings = {
            LD = "/usr/bin/true";
            OTHER_SWIFT_FLAGS = (
               "-swift-version",
               "4",
               "-I",
               "$(TOOLCHAIN_DIR)/usr/lib/swift/pm/4",
               "-target",
               "x86_64-apple-macosx10.10",
               "-sdk",
               "/Applications/Xcode-beta.app/Contents/Developer/Platforms/MacOSX.platform/Developer/SDKs/MacOSX10.15.sdk",
               "-package-description-version",
               "4"
            );
            SWIFT_VERSION = "4.0";
         };
         name = "Debug";
      };
      "OBJ_102" = {
         isa = "XCBuildConfiguration";
         buildSettings = {
            LD = "/usr/bin/true";
            OTHER_SWIFT_FLAGS = (
               "-swift-version",
               "4",
               "-I",
               "$(TOOLCHAIN_DIR)/usr/lib/swift/pm/4",
               "-target",
               "x86_64-apple-macosx10.10",
               "-sdk",
               "/Applications/Xcode-beta.app/Contents/Developer/Platforms/MacOSX.platform/Developer/SDKs/MacOSX10.15.sdk",
               "-package-description-version",
               "4"
            );
            SWIFT_VERSION = "4.0";
         };
         name = "Release";
      };
      "OBJ_103" = {
         isa = "PBXSourcesBuildPhase";
         files = (
            "OBJ_104"
         );
      };
      "OBJ_104" = {
         isa = "PBXBuildFile";
         fileRef = "OBJ_22";
      };
      "OBJ_11" = {
         isa = "PBXFileReference";
         path = "EFStorage+Keychain.swift";
         sourceTree = "<group>";
      };
      "OBJ_12" = {
         isa = "PBXGroup";
         children = (
            "OBJ_13"
         );
         name = "EFStorageUserDefaults";
         path = "Sources/EFStorageUserDefaults";
         sourceTree = "SOURCE_ROOT";
      };
      "OBJ_13" = {
         isa = "PBXFileReference";
         path = "EFStorage+UserDefaults.swift";
         sourceTree = "<group>";
      };
      "OBJ_14" = {
         isa = "PBXGroup";
         children = (
            "OBJ_15"
         );
         name = "Tests";
         path = "";
         sourceTree = "SOURCE_ROOT";
      };
      "OBJ_15" = {
         isa = "PBXGroup";
         children = (
            "OBJ_16",
            "OBJ_17"
         );
         name = "EFStorageTests";
         path = "Tests/EFStorageTests";
         sourceTree = "SOURCE_ROOT";
      };
      "OBJ_16" = {
         isa = "PBXFileReference";
         path = "EFStorageTests.swift";
         sourceTree = "<group>";
      };
      "OBJ_17" = {
         isa = "PBXFileReference";
         path = "XCTestManifests.swift";
         sourceTree = "<group>";
      };
      "OBJ_18" = {
         isa = "PBXGroup";
         children = (
            "OBJ_19"
         );
         name = "Dependencies";
         path = "";
         sourceTree = "<group>";
      };
      "OBJ_19" = {
         isa = "PBXGroup";
         children = (
            "OBJ_20",
            "OBJ_22"
         );
         name = "KeychainAccess 3.2.0";
         path = "";
         sourceTree = "SOURCE_ROOT";
      };
      "OBJ_2" = {
         isa = "XCConfigurationList";
         buildConfigurations = (
            "OBJ_3",
            "OBJ_4"
         );
         defaultConfigurationIsVisible = "0";
         defaultConfigurationName = "Release";
      };
      "OBJ_20" = {
         isa = "PBXGroup";
         children = (
            "OBJ_21"
         );
         name = "KeychainAccess";
         path = ".build/checkouts/KeychainAccess/Lib/KeychainAccess";
         sourceTree = "SOURCE_ROOT";
      };
      "OBJ_21" = {
         isa = "PBXFileReference";
         path = "Keychain.swift";
         sourceTree = "<group>";
      };
      "OBJ_22" = {
         isa = "PBXFileReference";
         explicitFileType = "sourcecode.swift";
         name = "Package.swift";
         path = "/Users/apollonian/Documents/GitHub/EFStorage/.build/checkouts/KeychainAccess/Package.swift";
         sourceTree = "<group>";
      };
      "OBJ_23" = {
         isa = "PBXGroup";
         children = (
            "EFStorage::EFStorageCore::Product",
            "EFStorage::EFStorageTests::Product",
            "EFStorage::EFStorageUserDefaults::Product",
            "EFStorage::EFStorageKeychain::Product",
            "KeychainAccess::KeychainAccess::Product"
         );
         name = "Products";
         path = "";
         sourceTree = "BUILT_PRODUCTS_DIR";
      };
      "OBJ_29" = {
         isa = "PBXFileReference";
         path = "LICENSE";
         sourceTree = "<group>";
      };
      "OBJ_3" = {
         isa = "XCBuildConfiguration";
         buildSettings = {
            CLANG_ENABLE_OBJC_ARC = "YES";
            COMBINE_HIDPI_IMAGES = "YES";
            COPY_PHASE_STRIP = "NO";
            DEBUG_INFORMATION_FORMAT = "dwarf";
            DYLIB_INSTALL_NAME_BASE = "@rpath";
            ENABLE_NS_ASSERTIONS = "YES";
            GCC_OPTIMIZATION_LEVEL = "0";
            GCC_PREPROCESSOR_DEFINITIONS = (
               "$(inherited)",
               "SWIFT_PACKAGE=1",
               "DEBUG=1"
            );
            MACOSX_DEPLOYMENT_TARGET = "10.10";
            ONLY_ACTIVE_ARCH = "YES";
            OTHER_SWIFT_FLAGS = (
               "$(inherited)",
               "-DXcode"
            );
            PRODUCT_NAME = "$(TARGET_NAME)";
            SDKROOT = "macosx";
            SUPPORTED_PLATFORMS = (
               "macosx",
               "iphoneos",
               "iphonesimulator",
               "appletvos",
               "appletvsimulator",
               "watchos",
               "watchsimulator"
            );
            SWIFT_ACTIVE_COMPILATION_CONDITIONS = (
               "$(inherited)",
               "SWIFT_PACKAGE",
               "DEBUG"
            );
            SWIFT_OPTIMIZATION_LEVEL = "-Onone";
            USE_HEADERMAP = "NO";
         };
         name = "Debug";
      };
      "OBJ_30" = {
         isa = "PBXFileReference";
         path = "README.md";
         sourceTree = "<group>";
      };
      "OBJ_32" = {
         isa = "XCConfigurationList";
         buildConfigurations = (
            "OBJ_33",
            "OBJ_34"
         );
         defaultConfigurationIsVisible = "0";
         defaultConfigurationName = "Release";
      };
      "OBJ_33" = {
         isa = "XCBuildConfiguration";
         buildSettings = {
         };
         name = "Debug";
      };
      "OBJ_34" = {
         isa = "XCBuildConfiguration";
         buildSettings = {
         };
         name = "Release";
      };
      "OBJ_35" = {
         isa = "PBXTargetDependency";
         target = "EFStorage::EFStorageCore";
      };
      "OBJ_37" = {
         isa = "PBXTargetDependency";
         target = "EFStorage::EFStorageKeychain";
      };
      "OBJ_39" = {
         isa = "PBXTargetDependency";
         target = "EFStorage::EFStorageUserDefaults";
      };
      "OBJ_4" = {
         isa = "XCBuildConfiguration";
         buildSettings = {
            CLANG_ENABLE_OBJC_ARC = "YES";
            COMBINE_HIDPI_IMAGES = "YES";
            COPY_PHASE_STRIP = "YES";
            DEBUG_INFORMATION_FORMAT = "dwarf-with-dsym";
            DYLIB_INSTALL_NAME_BASE = "@rpath";
            GCC_OPTIMIZATION_LEVEL = "s";
            GCC_PREPROCESSOR_DEFINITIONS = (
               "$(inherited)",
               "SWIFT_PACKAGE=1"
            );
            MACOSX_DEPLOYMENT_TARGET = "10.10";
            OTHER_SWIFT_FLAGS = (
               "$(inherited)",
               "-DXcode"
            );
            PRODUCT_NAME = "$(TARGET_NAME)";
            SDKROOT = "macosx";
            SUPPORTED_PLATFORMS = (
               "macosx",
               "iphoneos",
               "iphonesimulator",
               "appletvos",
               "appletvsimulator",
               "watchos",
               "watchsimulator"
            );
            SWIFT_ACTIVE_COMPILATION_CONDITIONS = (
               "$(inherited)",
               "SWIFT_PACKAGE"
            );
            SWIFT_OPTIMIZATION_LEVEL = "-Owholemodule";
            USE_HEADERMAP = "NO";
         };
         name = "Release";
      };
      "OBJ_41" = {
         isa = "XCConfigurationList";
         buildConfigurations = (
            "OBJ_42",
            "OBJ_43"
         );
         defaultConfigurationIsVisible = "0";
         defaultConfigurationName = "Release";
      };
      "OBJ_42" = {
         isa = "XCBuildConfiguration";
         buildSettings = {
            ENABLE_TESTABILITY = "YES";
            FRAMEWORK_SEARCH_PATHS = (
               "$(inherited)",
               "$(PLATFORM_DIR)/Developer/Library/Frameworks"
            );
            HEADER_SEARCH_PATHS = (
               "$(inherited)"
            );
            INFOPLIST_FILE = "EFStorage.xcodeproj/EFStorageCore_Info.plist";
            IPHONEOS_DEPLOYMENT_TARGET = "8.0";
            LD_RUNPATH_SEARCH_PATHS = (
               "$(inherited)",
               "$(TOOLCHAIN_DIR)/usr/lib/swift/macosx"
            );
            MACOSX_DEPLOYMENT_TARGET = "10.10";
            OTHER_CFLAGS = (
               "$(inherited)"
            );
            OTHER_LDFLAGS = (
               "$(inherited)"
            );
            OTHER_SWIFT_FLAGS = (
               "$(inherited)"
            );
            PRODUCT_BUNDLE_IDENTIFIER = "EFStorageCore";
            PRODUCT_MODULE_NAME = "$(TARGET_NAME:c99extidentifier)";
            PRODUCT_NAME = "$(TARGET_NAME:c99extidentifier)";
            SKIP_INSTALL = "YES";
            SWIFT_ACTIVE_COMPILATION_CONDITIONS = (
               "$(inherited)"
            );
            SWIFT_VERSION = "5.0";
            TARGET_NAME = "EFStorageCore";
            TVOS_DEPLOYMENT_TARGET = "9.0";
            WATCHOS_DEPLOYMENT_TARGET = "2.0";
         };
         name = "Debug";
      };
      "OBJ_43" = {
         isa = "XCBuildConfiguration";
         buildSettings = {
            ENABLE_TESTABILITY = "YES";
            FRAMEWORK_SEARCH_PATHS = (
               "$(inherited)",
               "$(PLATFORM_DIR)/Developer/Library/Frameworks"
            );
            HEADER_SEARCH_PATHS = (
               "$(inherited)"
            );
            INFOPLIST_FILE = "EFStorage.xcodeproj/EFStorageCore_Info.plist";
            IPHONEOS_DEPLOYMENT_TARGET = "8.0";
            LD_RUNPATH_SEARCH_PATHS = (
               "$(inherited)",
               "$(TOOLCHAIN_DIR)/usr/lib/swift/macosx"
            );
            MACOSX_DEPLOYMENT_TARGET = "10.10";
            OTHER_CFLAGS = (
               "$(inherited)"
            );
            OTHER_LDFLAGS = (
               "$(inherited)"
            );
            OTHER_SWIFT_FLAGS = (
               "$(inherited)"
            );
            PRODUCT_BUNDLE_IDENTIFIER = "EFStorageCore";
            PRODUCT_MODULE_NAME = "$(TARGET_NAME:c99extidentifier)";
            PRODUCT_NAME = "$(TARGET_NAME:c99extidentifier)";
            SKIP_INSTALL = "YES";
            SWIFT_ACTIVE_COMPILATION_CONDITIONS = (
               "$(inherited)"
            );
            SWIFT_VERSION = "5.0";
            TARGET_NAME = "EFStorageCore";
            TVOS_DEPLOYMENT_TARGET = "9.0";
            WATCHOS_DEPLOYMENT_TARGET = "2.0";
         };
         name = "Release";
      };
      "OBJ_44" = {
         isa = "PBXSourcesBuildPhase";
         files = (
            "OBJ_45"
         );
      };
      "OBJ_45" = {
         isa = "PBXBuildFile";
         fileRef = "OBJ_9";
      };
      "OBJ_46" = {
         isa = "PBXFrameworksBuildPhase";
         files = (
         );
      };
      "OBJ_47" = {
         isa = "XCConfigurationList";
         buildConfigurations = (
            "OBJ_48",
            "OBJ_49"
         );
         defaultConfigurationIsVisible = "0";
         defaultConfigurationName = "Release";
      };
      "OBJ_48" = {
         isa = "XCBuildConfiguration";
         buildSettings = {
            ENABLE_TESTABILITY = "YES";
            FRAMEWORK_SEARCH_PATHS = (
               "$(inherited)",
               "$(PLATFORM_DIR)/Developer/Library/Frameworks"
            );
            HEADER_SEARCH_PATHS = (
               "$(inherited)"
            );
            INFOPLIST_FILE = "EFStorage.xcodeproj/EFStorageKeychain_Info.plist";
            IPHONEOS_DEPLOYMENT_TARGET = "8.0";
            LD_RUNPATH_SEARCH_PATHS = (
               "$(inherited)",
               "$(TOOLCHAIN_DIR)/usr/lib/swift/macosx"
            );
            MACOSX_DEPLOYMENT_TARGET = "10.10";
            OTHER_CFLAGS = (
               "$(inherited)"
            );
            OTHER_LDFLAGS = (
               "$(inherited)"
            );
            OTHER_SWIFT_FLAGS = (
               "$(inherited)"
            );
            PRODUCT_BUNDLE_IDENTIFIER = "EFStorageKeychain";
            PRODUCT_MODULE_NAME = "$(TARGET_NAME:c99extidentifier)";
            PRODUCT_NAME = "$(TARGET_NAME:c99extidentifier)";
            SKIP_INSTALL = "YES";
            SWIFT_ACTIVE_COMPILATION_CONDITIONS = (
               "$(inherited)"
            );
            SWIFT_VERSION = "5.0";
            TARGET_NAME = "EFStorageKeychain";
            TVOS_DEPLOYMENT_TARGET = "9.0";
            WATCHOS_DEPLOYMENT_TARGET = "2.0";
         };
         name = "Debug";
      };
      "OBJ_49" = {
         isa = "XCBuildConfiguration";
         buildSettings = {
            ENABLE_TESTABILITY = "YES";
            FRAMEWORK_SEARCH_PATHS = (
               "$(inherited)",
               "$(PLATFORM_DIR)/Developer/Library/Frameworks"
            );
            HEADER_SEARCH_PATHS = (
               "$(inherited)"
            );
            INFOPLIST_FILE = "EFStorage.xcodeproj/EFStorageKeychain_Info.plist";
            IPHONEOS_DEPLOYMENT_TARGET = "8.0";
            LD_RUNPATH_SEARCH_PATHS = (
               "$(inherited)",
               "$(TOOLCHAIN_DIR)/usr/lib/swift/macosx"
            );
            MACOSX_DEPLOYMENT_TARGET = "10.10";
            OTHER_CFLAGS = (
               "$(inherited)"
            );
            OTHER_LDFLAGS = (
               "$(inherited)"
            );
            OTHER_SWIFT_FLAGS = (
               "$(inherited)"
            );
            PRODUCT_BUNDLE_IDENTIFIER = "EFStorageKeychain";
            PRODUCT_MODULE_NAME = "$(TARGET_NAME:c99extidentifier)";
            PRODUCT_NAME = "$(TARGET_NAME:c99extidentifier)";
            SKIP_INSTALL = "YES";
            SWIFT_ACTIVE_COMPILATION_CONDITIONS = (
               "$(inherited)"
            );
            SWIFT_VERSION = "5.0";
            TARGET_NAME = "EFStorageKeychain";
            TVOS_DEPLOYMENT_TARGET = "9.0";
            WATCHOS_DEPLOYMENT_TARGET = "2.0";
         };
         name = "Release";
      };
      "OBJ_5" = {
         isa = "PBXGroup";
         children = (
            "OBJ_6",
            "OBJ_7",
            "OBJ_14",
            "OBJ_18",
            "OBJ_23",
            "OBJ_29",
            "OBJ_30"
         );
         path = "";
         sourceTree = "<group>";
      };
      "OBJ_50" = {
         isa = "PBXSourcesBuildPhase";
         files = (
            "OBJ_51"
         );
      };
      "OBJ_51" = {
         isa = "PBXBuildFile";
         fileRef = "OBJ_11";
      };
      "OBJ_52" = {
         isa = "PBXFrameworksBuildPhase";
         files = (
            "OBJ_53",
            "OBJ_54"
         );
      };
      "OBJ_53" = {
         isa = "PBXBuildFile";
         fileRef = "KeychainAccess::KeychainAccess::Product";
      };
      "OBJ_54" = {
         isa = "PBXBuildFile";
         fileRef = "EFStorage::EFStorageCore::Product";
      };
      "OBJ_55" = {
         isa = "PBXTargetDependency";
         target = "KeychainAccess::KeychainAccess";
      };
      "OBJ_57" = {
         isa = "PBXTargetDependency";
         target = "EFStorage::EFStorageCore";
      };
      "OBJ_59" = {
         isa = "XCConfigurationList";
         buildConfigurations = (
            "OBJ_60",
            "OBJ_61"
         );
         defaultConfigurationIsVisible = "0";
         defaultConfigurationName = "Release";
      };
      "OBJ_6" = {
         isa = "PBXFileReference";
         explicitFileType = "sourcecode.swift";
         path = "Package.swift";
         sourceTree = "<group>";
      };
      "OBJ_60" = {
         isa = "XCBuildConfiguration";
         buildSettings = {
            LD = "/usr/bin/true";
            OTHER_SWIFT_FLAGS = (
               "-swift-version",
               "5",
               "-I",
               "$(TOOLCHAIN_DIR)/usr/lib/swift/pm/4_2",
               "-target",
               "x86_64-apple-macosx10.10",
               "-sdk",
               "/Applications/Xcode-beta.app/Contents/Developer/Platforms/MacOSX.platform/Developer/SDKs/MacOSX10.15.sdk",
               "-package-description-version",
               "5.1"
            );
            SWIFT_VERSION = "5.0";
         };
         name = "Debug";
      };
      "OBJ_61" = {
         isa = "XCBuildConfiguration";
         buildSettings = {
            LD = "/usr/bin/true";
            OTHER_SWIFT_FLAGS = (
               "-swift-version",
               "5",
               "-I",
               "$(TOOLCHAIN_DIR)/usr/lib/swift/pm/4_2",
               "-target",
               "x86_64-apple-macosx10.10",
               "-sdk",
               "/Applications/Xcode-beta.app/Contents/Developer/Platforms/MacOSX.platform/Developer/SDKs/MacOSX10.15.sdk",
               "-package-description-version",
               "5.1"
            );
            SWIFT_VERSION = "5.0";
         };
         name = "Release";
      };
      "OBJ_62" = {
         isa = "PBXSourcesBuildPhase";
         files = (
            "OBJ_63"
         );
      };
      "OBJ_63" = {
         isa = "PBXBuildFile";
         fileRef = "OBJ_6";
      };
      "OBJ_65" = {
         isa = "XCConfigurationList";
         buildConfigurations = (
            "OBJ_66",
            "OBJ_67"
         );
         defaultConfigurationIsVisible = "0";
         defaultConfigurationName = "Release";
      };
      "OBJ_66" = {
         isa = "XCBuildConfiguration";
         buildSettings = {
         };
         name = "Debug";
      };
      "OBJ_67" = {
         isa = "XCBuildConfiguration";
         buildSettings = {
         };
         name = "Release";
      };
      "OBJ_68" = {
         isa = "PBXTargetDependency";
         target = "EFStorage::EFStorageTests";
      };
      "OBJ_7" = {
         isa = "PBXGroup";
         children = (
            "OBJ_8",
            "OBJ_10",
            "OBJ_12"
         );
         name = "Sources";
         path = "";
         sourceTree = "SOURCE_ROOT";
      };
      "OBJ_70" = {
         isa = "XCConfigurationList";
         buildConfigurations = (
            "OBJ_71",
            "OBJ_72"
         );
         defaultConfigurationIsVisible = "0";
         defaultConfigurationName = "Release";
      };
      "OBJ_71" = {
         isa = "XCBuildConfiguration";
         buildSettings = {
            CLANG_ENABLE_MODULES = "YES";
            EMBEDDED_CONTENT_CONTAINS_SWIFT = "YES";
            FRAMEWORK_SEARCH_PATHS = (
               "$(inherited)",
               "$(PLATFORM_DIR)/Developer/Library/Frameworks"
            );
            HEADER_SEARCH_PATHS = (
               "$(inherited)"
            );
            INFOPLIST_FILE = "EFStorage.xcodeproj/EFStorageTests_Info.plist";
            IPHONEOS_DEPLOYMENT_TARGET = "8.0";
            LD_RUNPATH_SEARCH_PATHS = (
               "$(inherited)",
               "@loader_path/../Frameworks",
               "@loader_path/Frameworks"
            );
            MACOSX_DEPLOYMENT_TARGET = "10.10";
            OTHER_CFLAGS = (
               "$(inherited)"
            );
            OTHER_LDFLAGS = (
               "$(inherited)"
            );
            OTHER_SWIFT_FLAGS = (
               "$(inherited)"
            );
            SWIFT_ACTIVE_COMPILATION_CONDITIONS = (
               "$(inherited)"
            );
            SWIFT_VERSION = "5.0";
            TARGET_NAME = "EFStorageTests";
            TVOS_DEPLOYMENT_TARGET = "9.0";
            WATCHOS_DEPLOYMENT_TARGET = "2.0";
         };
         name = "Debug";
      };
      "OBJ_72" = {
         isa = "XCBuildConfiguration";
         buildSettings = {
            CLANG_ENABLE_MODULES = "YES";
            EMBEDDED_CONTENT_CONTAINS_SWIFT = "YES";
            FRAMEWORK_SEARCH_PATHS = (
               "$(inherited)",
               "$(PLATFORM_DIR)/Developer/Library/Frameworks"
            );
            HEADER_SEARCH_PATHS = (
               "$(inherited)"
            );
            INFOPLIST_FILE = "EFStorage.xcodeproj/EFStorageTests_Info.plist";
            IPHONEOS_DEPLOYMENT_TARGET = "8.0";
            LD_RUNPATH_SEARCH_PATHS = (
               "$(inherited)",
               "@loader_path/../Frameworks",
               "@loader_path/Frameworks"
            );
            MACOSX_DEPLOYMENT_TARGET = "10.10";
            OTHER_CFLAGS = (
               "$(inherited)"
            );
            OTHER_LDFLAGS = (
               "$(inherited)"
            );
            OTHER_SWIFT_FLAGS = (
               "$(inherited)"
            );
            SWIFT_ACTIVE_COMPILATION_CONDITIONS = (
               "$(inherited)"
            );
            SWIFT_VERSION = "5.0";
            TARGET_NAME = "EFStorageTests";
            TVOS_DEPLOYMENT_TARGET = "9.0";
            WATCHOS_DEPLOYMENT_TARGET = "2.0";
         };
         name = "Release";
      };
      "OBJ_73" = {
         isa = "PBXSourcesBuildPhase";
         files = (
            "OBJ_74",
            "OBJ_75"
         );
      };
      "OBJ_74" = {
         isa = "PBXBuildFile";
         fileRef = "OBJ_16";
      };
      "OBJ_75" = {
         isa = "PBXBuildFile";
         fileRef = "OBJ_17";
      };
      "OBJ_76" = {
         isa = "PBXFrameworksBuildPhase";
         files = (
            "OBJ_77",
            "OBJ_78",
            "OBJ_79",
            "OBJ_80"
         );
      };
      "OBJ_77" = {
         isa = "PBXBuildFile";
         fileRef = "EFStorage::EFStorageUserDefaults::Product";
      };
      "OBJ_78" = {
         isa = "PBXBuildFile";
         fileRef = "EFStorage::EFStorageKeychain::Product";
      };
      "OBJ_79" = {
         isa = "PBXBuildFile";
         fileRef = "KeychainAccess::KeychainAccess::Product";
      };
      "OBJ_8" = {
         isa = "PBXGroup";
         children = (
            "OBJ_9"
         );
         name = "EFStorageCore";
         path = "Sources/EFStorageCore";
         sourceTree = "SOURCE_ROOT";
      };
      "OBJ_80" = {
         isa = "PBXBuildFile";
         fileRef = "EFStorage::EFStorageCore::Product";
      };
      "OBJ_81" = {
         isa = "PBXTargetDependency";
         target = "EFStorage::EFStorageUserDefaults";
      };
      "OBJ_82" = {
         isa = "PBXTargetDependency";
         target = "EFStorage::EFStorageKeychain";
      };
      "OBJ_83" = {
         isa = "PBXTargetDependency";
         target = "KeychainAccess::KeychainAccess";
      };
      "OBJ_84" = {
         isa = "PBXTargetDependency";
         target = "EFStorage::EFStorageCore";
      };
      "OBJ_85" = {
         isa = "XCConfigurationList";
         buildConfigurations = (
            "OBJ_86",
            "OBJ_87"
         );
         defaultConfigurationIsVisible = "0";
         defaultConfigurationName = "Release";
      };
      "OBJ_86" = {
         isa = "XCBuildConfiguration";
         buildSettings = {
            ENABLE_TESTABILITY = "YES";
            FRAMEWORK_SEARCH_PATHS = (
               "$(inherited)",
               "$(PLATFORM_DIR)/Developer/Library/Frameworks"
            );
            HEADER_SEARCH_PATHS = (
               "$(inherited)"
            );
            INFOPLIST_FILE = "EFStorage.xcodeproj/EFStorageUserDefaults_Info.plist";
            IPHONEOS_DEPLOYMENT_TARGET = "8.0";
            LD_RUNPATH_SEARCH_PATHS = (
               "$(inherited)",
               "$(TOOLCHAIN_DIR)/usr/lib/swift/macosx"
            );
            MACOSX_DEPLOYMENT_TARGET = "10.10";
            OTHER_CFLAGS = (
               "$(inherited)"
            );
            OTHER_LDFLAGS = (
               "$(inherited)"
            );
            OTHER_SWIFT_FLAGS = (
               "$(inherited)"
            );
            PRODUCT_BUNDLE_IDENTIFIER = "EFStorageUserDefaults";
            PRODUCT_MODULE_NAME = "$(TARGET_NAME:c99extidentifier)";
            PRODUCT_NAME = "$(TARGET_NAME:c99extidentifier)";
            SKIP_INSTALL = "YES";
            SWIFT_ACTIVE_COMPILATION_CONDITIONS = (
               "$(inherited)"
            );
            SWIFT_VERSION = "5.0";
            TARGET_NAME = "EFStorageUserDefaults";
            TVOS_DEPLOYMENT_TARGET = "9.0";
            WATCHOS_DEPLOYMENT_TARGET = "2.0";
         };
         name = "Debug";
      };
      "OBJ_87" = {
         isa = "XCBuildConfiguration";
         buildSettings = {
            ENABLE_TESTABILITY = "YES";
            FRAMEWORK_SEARCH_PATHS = (
               "$(inherited)",
               "$(PLATFORM_DIR)/Developer/Library/Frameworks"
            );
            HEADER_SEARCH_PATHS = (
               "$(inherited)"
            );
            INFOPLIST_FILE = "EFStorage.xcodeproj/EFStorageUserDefaults_Info.plist";
            IPHONEOS_DEPLOYMENT_TARGET = "8.0";
            LD_RUNPATH_SEARCH_PATHS = (
               "$(inherited)",
               "$(TOOLCHAIN_DIR)/usr/lib/swift/macosx"
            );
            MACOSX_DEPLOYMENT_TARGET = "10.10";
            OTHER_CFLAGS = (
               "$(inherited)"
            );
            OTHER_LDFLAGS = (
               "$(inherited)"
            );
            OTHER_SWIFT_FLAGS = (
               "$(inherited)"
            );
            PRODUCT_BUNDLE_IDENTIFIER = "EFStorageUserDefaults";
            PRODUCT_MODULE_NAME = "$(TARGET_NAME:c99extidentifier)";
            PRODUCT_NAME = "$(TARGET_NAME:c99extidentifier)";
            SKIP_INSTALL = "YES";
            SWIFT_ACTIVE_COMPILATION_CONDITIONS = (
               "$(inherited)"
            );
            SWIFT_VERSION = "5.0";
            TARGET_NAME = "EFStorageUserDefaults";
            TVOS_DEPLOYMENT_TARGET = "9.0";
            WATCHOS_DEPLOYMENT_TARGET = "2.0";
         };
         name = "Release";
      };
      "OBJ_88" = {
         isa = "PBXSourcesBuildPhase";
         files = (
            "OBJ_89"
         );
      };
      "OBJ_89" = {
         isa = "PBXBuildFile";
         fileRef = "OBJ_13";
      };
      "OBJ_9" = {
         isa = "PBXFileReference";
         path = "EFStorage.swift";
         sourceTree = "<group>";
      };
      "OBJ_90" = {
         isa = "PBXFrameworksBuildPhase";
         files = (
            "OBJ_91"
         );
      };
      "OBJ_91" = {
         isa = "PBXBuildFile";
         fileRef = "EFStorage::EFStorageCore::Product";
      };
      "OBJ_92" = {
         isa = "PBXTargetDependency";
         target = "EFStorage::EFStorageCore";
      };
      "OBJ_93" = {
         isa = "XCConfigurationList";
         buildConfigurations = (
            "OBJ_94",
            "OBJ_95"
         );
         defaultConfigurationIsVisible = "0";
         defaultConfigurationName = "Release";
      };
      "OBJ_94" = {
         isa = "XCBuildConfiguration";
         buildSettings = {
            ENABLE_TESTABILITY = "YES";
            FRAMEWORK_SEARCH_PATHS = (
               "$(inherited)",
               "$(PLATFORM_DIR)/Developer/Library/Frameworks"
            );
            HEADER_SEARCH_PATHS = (
               "$(inherited)"
            );
            INFOPLIST_FILE = "EFStorage.xcodeproj/KeychainAccess_Info.plist";
            LD_RUNPATH_SEARCH_PATHS = (
               "$(inherited)",
               "$(TOOLCHAIN_DIR)/usr/lib/swift/macosx"
            );
            OTHER_CFLAGS = (
               "$(inherited)"
            );
            OTHER_LDFLAGS = (
               "$(inherited)"
            );
            OTHER_SWIFT_FLAGS = (
               "$(inherited)"
            );
            PRODUCT_BUNDLE_IDENTIFIER = "KeychainAccess";
            PRODUCT_MODULE_NAME = "$(TARGET_NAME:c99extidentifier)";
            PRODUCT_NAME = "$(TARGET_NAME:c99extidentifier)";
            SKIP_INSTALL = "YES";
            SWIFT_ACTIVE_COMPILATION_CONDITIONS = (
               "$(inherited)"
            );
            SWIFT_VERSION = "4.0";
            TARGET_NAME = "KeychainAccess";
         };
         name = "Debug";
      };
      "OBJ_95" = {
         isa = "XCBuildConfiguration";
         buildSettings = {
            ENABLE_TESTABILITY = "YES";
            FRAMEWORK_SEARCH_PATHS = (
               "$(inherited)",
               "$(PLATFORM_DIR)/Developer/Library/Frameworks"
            );
            HEADER_SEARCH_PATHS = (
               "$(inherited)"
            );
            INFOPLIST_FILE = "EFStorage.xcodeproj/KeychainAccess_Info.plist";
            LD_RUNPATH_SEARCH_PATHS = (
               "$(inherited)",
               "$(TOOLCHAIN_DIR)/usr/lib/swift/macosx"
            );
            OTHER_CFLAGS = (
               "$(inherited)"
            );
            OTHER_LDFLAGS = (
               "$(inherited)"
            );
            OTHER_SWIFT_FLAGS = (
               "$(inherited)"
            );
            PRODUCT_BUNDLE_IDENTIFIER = "KeychainAccess";
            PRODUCT_MODULE_NAME = "$(TARGET_NAME:c99extidentifier)";
            PRODUCT_NAME = "$(TARGET_NAME:c99extidentifier)";
            SKIP_INSTALL = "YES";
            SWIFT_ACTIVE_COMPILATION_CONDITIONS = (
               "$(inherited)"
            );
            SWIFT_VERSION = "4.0";
            TARGET_NAME = "KeychainAccess";
         };
         name = "Release";
      };
      "OBJ_96" = {
         isa = "PBXSourcesBuildPhase";
         files = (
            "OBJ_97"
         );
      };
      "OBJ_97" = {
         isa = "PBXBuildFile";
         fileRef = "OBJ_21";
      };
      "OBJ_98" = {
         isa = "PBXFrameworksBuildPhase";
         files = (
         );
      };
   };
   rootObject = "OBJ_1";
}
