// !$*UTF8*$!
{
	archiveVersion = 1;
	classes = {
	};
	objectVersion = 51;
	objects = {

/* Begin PBXBuildFile section */
		2F833369F74D001A90249E16 /* Pods_Cocoapods.framework in Frameworks */ = {isa = PBXBuildFile; fileRef = 9C0403789FFE9E147D543A77 /* Pods_Cocoapods.framework */; };
		300FD330FBFB12C6C3A7AE7A /* Pods_CocoaPods_macOS.framework in Frameworks */ = {isa = PBXBuildFile; fileRef = 0A4959AE69C35E25542D4D8C /* Pods_CocoaPods_macOS.framework */; };
		52BAC9CE230A478800982784 /* AppDelegate.swift in Sources */ = {isa = PBXBuildFile; fileRef = 52BAC9CD230A478800982784 /* AppDelegate.swift */; };
		52BAC9D0230A478800982784 /* SceneDelegate.swift in Sources */ = {isa = PBXBuildFile; fileRef = 52BAC9CF230A478800982784 /* SceneDelegate.swift */; };
		52BAC9D2230A478800982784 /* ViewController.swift in Sources */ = {isa = PBXBuildFile; fileRef = 52BAC9D1230A478800982784 /* ViewController.swift */; };
		52BAC9D5230A478800982784 /* Main.storyboard in Resources */ = {isa = PBXBuildFile; fileRef = 52BAC9D3230A478800982784 /* Main.storyboard */; };
		52BAC9D7230A478900982784 /* Assets.xcassets in Resources */ = {isa = PBXBuildFile; fileRef = 52BAC9D6230A478900982784 /* Assets.xcassets */; };
		52BAC9DA230A478900982784 /* LaunchScreen.storyboard in Resources */ = {isa = PBXBuildFile; fileRef = 52BAC9D8230A478900982784 /* LaunchScreen.storyboard */; };
		52CDE01A230FC838000DFF4B /* AppDelegate.swift in Sources */ = {isa = PBXBuildFile; fileRef = 52CDE019230FC838000DFF4B /* AppDelegate.swift */; };
		52CDE01C230FC838000DFF4B /* ViewController.swift in Sources */ = {isa = PBXBuildFile; fileRef = 52CDE01B230FC838000DFF4B /* ViewController.swift */; };
		52CDE01E230FC839000DFF4B /* Assets.xcassets in Resources */ = {isa = PBXBuildFile; fileRef = 52CDE01D230FC839000DFF4B /* Assets.xcassets */; };
		52CDE021230FC839000DFF4B /* Main.storyboard in Resources */ = {isa = PBXBuildFile; fileRef = 52CDE01F230FC839000DFF4B /* Main.storyboard */; };
/* End PBXBuildFile section */

/* Begin PBXFileReference section */
		0A4959AE69C35E25542D4D8C /* Pods_CocoaPods_macOS.framework */ = {isa = PBXFileReference; explicitFileType = wrapper.framework; includeInIndex = 0; path = Pods_CocoaPods_macOS.framework; sourceTree = BUILT_PRODUCTS_DIR; };
		491FC3F856F0991564F61038 /* Pods-Cocoapods.release.xcconfig */ = {isa = PBXFileReference; includeInIndex = 1; lastKnownFileType = text.xcconfig; name = "Pods-Cocoapods.release.xcconfig"; path = "Target Support Files/Pods-Cocoapods/Pods-Cocoapods.release.xcconfig"; sourceTree = "<group>"; };
		52BAC9CA230A478800982784 /* Cocoapods.app */ = {isa = PBXFileReference; explicitFileType = wrapper.application; includeInIndex = 0; path = Cocoapods.app; sourceTree = BUILT_PRODUCTS_DIR; };
		52BAC9CD230A478800982784 /* AppDelegate.swift */ = {isa = PBXFileReference; lastKnownFileType = sourcecode.swift; path = AppDelegate.swift; sourceTree = "<group>"; };
		52BAC9CF230A478800982784 /* SceneDelegate.swift */ = {isa = PBXFileReference; lastKnownFileType = sourcecode.swift; path = SceneDelegate.swift; sourceTree = "<group>"; };
		52BAC9D1230A478800982784 /* ViewController.swift */ = {isa = PBXFileReference; lastKnownFileType = sourcecode.swift; path = ViewController.swift; sourceTree = "<group>"; };
		52BAC9D4230A478800982784 /* Base */ = {isa = PBXFileReference; lastKnownFileType = file.storyboard; name = Base; path = Base.lproj/Main.storyboard; sourceTree = "<group>"; };
		52BAC9D6230A478900982784 /* Assets.xcassets */ = {isa = PBXFileReference; lastKnownFileType = folder.assetcatalog; path = Assets.xcassets; sourceTree = "<group>"; };
		52BAC9D9230A478900982784 /* Base */ = {isa = PBXFileReference; lastKnownFileType = file.storyboard; name = Base; path = Base.lproj/LaunchScreen.storyboard; sourceTree = "<group>"; };
		52BAC9DB230A478900982784 /* Info.plist */ = {isa = PBXFileReference; lastKnownFileType = text.plist.xml; path = Info.plist; sourceTree = "<group>"; };
		52CDE017230FC838000DFF4B /* CocoaPods-macOS.app */ = {isa = PBXFileReference; explicitFileType = wrapper.application; includeInIndex = 0; path = "CocoaPods-macOS.app"; sourceTree = BUILT_PRODUCTS_DIR; };
		52CDE019230FC838000DFF4B /* AppDelegate.swift */ = {isa = PBXFileReference; lastKnownFileType = sourcecode.swift; path = AppDelegate.swift; sourceTree = "<group>"; };
		52CDE01B230FC838000DFF4B /* ViewController.swift */ = {isa = PBXFileReference; lastKnownFileType = sourcecode.swift; path = ViewController.swift; sourceTree = "<group>"; };
		52CDE01D230FC839000DFF4B /* Assets.xcassets */ = {isa = PBXFileReference; lastKnownFileType = folder.assetcatalog; path = Assets.xcassets; sourceTree = "<group>"; };
		52CDE020230FC839000DFF4B /* Base */ = {isa = PBXFileReference; lastKnownFileType = file.storyboard; name = Base; path = Base.lproj/Main.storyboard; sourceTree = "<group>"; };
		52CDE022230FC839000DFF4B /* Info.plist */ = {isa = PBXFileReference; lastKnownFileType = text.plist.xml; path = Info.plist; sourceTree = "<group>"; };
		52CDE023230FC839000DFF4B /* CocoaPods_macOS.entitlements */ = {isa = PBXFileReference; lastKnownFileType = text.plist.entitlements; path = CocoaPods_macOS.entitlements; sourceTree = "<group>"; };
		9C0403789FFE9E147D543A77 /* Pods_Cocoapods.framework */ = {isa = PBXFileReference; explicitFileType = wrapper.framework; includeInIndex = 0; path = Pods_Cocoapods.framework; sourceTree = BUILT_PRODUCTS_DIR; };
		BF0D6B8DD20EE1BF8F905E5E /* Pods-CocoaPods-macOS.release.xcconfig */ = {isa = PBXFileReference; includeInIndex = 1; lastKnownFileType = text.xcconfig; name = "Pods-CocoaPods-macOS.release.xcconfig"; path = "Target Support Files/Pods-CocoaPods-macOS/Pods-CocoaPods-macOS.release.xcconfig"; sourceTree = "<group>"; };
		C612A70E5F98C5D30661992A /* Pods-CocoaPods-macOS.debug.xcconfig */ = {isa = PBXFileReference; includeInIndex = 1; lastKnownFileType = text.xcconfig; name = "Pods-CocoaPods-macOS.debug.xcconfig"; path = "Target Support Files/Pods-CocoaPods-macOS/Pods-CocoaPods-macOS.debug.xcconfig"; sourceTree = "<group>"; };
		C89E83C8A8FA89020C406371 /* Pods-Cocoapods.debug.xcconfig */ = {isa = PBXFileReference; includeInIndex = 1; lastKnownFileType = text.xcconfig; name = "Pods-Cocoapods.debug.xcconfig"; path = "Target Support Files/Pods-Cocoapods/Pods-Cocoapods.debug.xcconfig"; sourceTree = "<group>"; };
/* End PBXFileReference section */

/* Begin PBXFrameworksBuildPhase section */
		52BAC9C7230A478800982784 /* Frameworks */ = {
			isa = PBXFrameworksBuildPhase;
			buildActionMask = 2147483647;
			files = (
				2F833369F74D001A90249E16 /* Pods_Cocoapods.framework in Frameworks */,
			);
			runOnlyForDeploymentPostprocessing = 0;
		};
		52CDE014230FC838000DFF4B /* Frameworks */ = {
			isa = PBXFrameworksBuildPhase;
			buildActionMask = 2147483647;
			files = (
				300FD330FBFB12C6C3A7AE7A /* Pods_CocoaPods_macOS.framework in Frameworks */,
			);
			runOnlyForDeploymentPostprocessing = 0;
		};
/* End PBXFrameworksBuildPhase section */

/* Begin PBXGroup section */
		52BAC9C1230A478800982784 = {
			isa = PBXGroup;
			children = (
				52BAC9CC230A478800982784 /* Cocoapods */,
				52CDE018230FC838000DFF4B /* CocoaPods-macOS */,
				52BAC9CB230A478800982784 /* Products */,
				608C06579369D9F5E8174CF6 /* Pods */,
				DA0A7A59DCE836CEDFE8A9E3 /* Frameworks */,
			);
			sourceTree = "<group>";
		};
		52BAC9CB230A478800982784 /* Products */ = {
			isa = PBXGroup;
			children = (
				52BAC9CA230A478800982784 /* Cocoapods.app */,
				52CDE017230FC838000DFF4B /* CocoaPods-macOS.app */,
			);
			name = Products;
			sourceTree = "<group>";
		};
		52BAC9CC230A478800982784 /* Cocoapods */ = {
			isa = PBXGroup;
			children = (
				52BAC9CD230A478800982784 /* AppDelegate.swift */,
				52BAC9CF230A478800982784 /* SceneDelegate.swift */,
				52BAC9D1230A478800982784 /* ViewController.swift */,
				52BAC9D3230A478800982784 /* Main.storyboard */,
				52BAC9D6230A478900982784 /* Assets.xcassets */,
				52BAC9D8230A478900982784 /* LaunchScreen.storyboard */,
				52BAC9DB230A478900982784 /* Info.plist */,
			);
			path = Cocoapods;
			sourceTree = "<group>";
		};
		52CDE018230FC838000DFF4B /* CocoaPods-macOS */ = {
			isa = PBXGroup;
			children = (
				52CDE019230FC838000DFF4B /* AppDelegate.swift */,
				52CDE01B230FC838000DFF4B /* ViewController.swift */,
				52CDE01D230FC839000DFF4B /* Assets.xcassets */,
				52CDE01F230FC839000DFF4B /* Main.storyboard */,
				52CDE022230FC839000DFF4B /* Info.plist */,
				52CDE023230FC839000DFF4B /* CocoaPods_macOS.entitlements */,
			);
			path = "CocoaPods-macOS";
			sourceTree = "<group>";
		};
		608C06579369D9F5E8174CF6 /* Pods */ = {
			isa = PBXGroup;
			children = (
				C89E83C8A8FA89020C406371 /* Pods-Cocoapods.debug.xcconfig */,
				491FC3F856F0991564F61038 /* Pods-Cocoapods.release.xcconfig */,
				C612A70E5F98C5D30661992A /* Pods-CocoaPods-macOS.debug.xcconfig */,
				BF0D6B8DD20EE1BF8F905E5E /* Pods-CocoaPods-macOS.release.xcconfig */,
			);
			path = Pods;
			sourceTree = "<group>";
		};
		DA0A7A59DCE836CEDFE8A9E3 /* Frameworks */ = {
			isa = PBXGroup;
			children = (
				9C0403789FFE9E147D543A77 /* Pods_Cocoapods.framework */,
				0A4959AE69C35E25542D4D8C /* Pods_CocoaPods_macOS.framework */,
			);
			name = Frameworks;
			sourceTree = "<group>";
		};
/* End PBXGroup section */

/* Begin PBXNativeTarget section */
		52BAC9C9230A478800982784 /* Cocoapods */ = {
			isa = PBXNativeTarget;
			buildConfigurationList = 52BAC9DE230A478900982784 /* Build configuration list for PBXNativeTarget "Cocoapods" */;
			buildPhases = (
				B35258BCF971DB1D2301D5C6 /* [CP] Check Pods Manifest.lock */,
				52BAC9C6230A478800982784 /* Sources */,
				52BAC9C7230A478800982784 /* Frameworks */,
				52BAC9C8230A478800982784 /* Resources */,
				98861699D28FEA8B31062E70 /* [CP] Embed Pods Frameworks */,
			);
			buildRules = (
			);
			dependencies = (
			);
			name = Cocoapods;
			productName = Cocoapods;
			productReference = 52BAC9CA230A478800982784 /* Cocoapods.app */;
			productType = "com.apple.product-type.application";
		};
		52CDE016230FC838000DFF4B /* CocoaPods-macOS */ = {
			isa = PBXNativeTarget;
			buildConfigurationList = 52CDE024230FC839000DFF4B /* Build configuration list for PBXNativeTarget "CocoaPods-macOS" */;
			buildPhases = (
				075D63B33EEB247CEFD15A15 /* [CP] Check Pods Manifest.lock */,
				52CDE013230FC838000DFF4B /* Sources */,
				52CDE014230FC838000DFF4B /* Frameworks */,
				52CDE015230FC838000DFF4B /* Resources */,
				404BD38611DEFDB772708F0D /* [CP] Embed Pods Frameworks */,
			);
			buildRules = (
			);
			dependencies = (
			);
			name = "CocoaPods-macOS";
			productName = "CocoaPods-macOS";
			productReference = 52CDE017230FC838000DFF4B /* CocoaPods-macOS.app */;
			productType = "com.apple.product-type.application";
		};
/* End PBXNativeTarget section */

/* Begin PBXProject section */
		52BAC9C2230A478800982784 /* Project object */ = {
			isa = PBXProject;
			attributes = {
				LastSwiftUpdateCheck = 1100;
				LastUpgradeCheck = 1100;
				ORGANIZATIONNAME = EFPrefix;
				TargetAttributes = {
					52BAC9C9230A478800982784 = {
						CreatedOnToolsVersion = 11.0;
					};
					52CDE016230FC838000DFF4B = {
						CreatedOnToolsVersion = 11.0;
					};
				};
			};
			buildConfigurationList = 52BAC9C5230A478800982784 /* Build configuration list for PBXProject "Cocoapods" */;
			compatibilityVersion = "Xcode 9.3";
			developmentRegion = en;
			hasScannedForEncodings = 0;
			knownRegions = (
				en,
				Base,
			);
			mainGroup = 52BAC9C1230A478800982784;
			productRefGroup = 52BAC9CB230A478800982784 /* Products */;
			projectDirPath = "";
			projectRoot = "";
			targets = (
				52BAC9C9230A478800982784 /* Cocoapods */,
				52CDE016230FC838000DFF4B /* CocoaPods-macOS */,
			);
		};
/* End PBXProject section */

/* Begin PBXResourcesBuildPhase section */
		52BAC9C8230A478800982784 /* Resources */ = {
			isa = PBXResourcesBuildPhase;
			buildActionMask = 2147483647;
			files = (
				52BAC9DA230A478900982784 /* LaunchScreen.storyboard in Resources */,
				52BAC9D7230A478900982784 /* Assets.xcassets in Resources */,
				52BAC9D5230A478800982784 /* Main.storyboard in Resources */,
			);
			runOnlyForDeploymentPostprocessing = 0;
		};
		52CDE015230FC838000DFF4B /* Resources */ = {
			isa = PBXResourcesBuildPhase;
			buildActionMask = 2147483647;
			files = (
				52CDE01E230FC839000DFF4B /* Assets.xcassets in Resources */,
				52CDE021230FC839000DFF4B /* Main.storyboard in Resources */,
			);
			runOnlyForDeploymentPostprocessing = 0;
		};
/* End PBXResourcesBuildPhase section */

/* Begin PBXShellScriptBuildPhase section */
		075D63B33EEB247CEFD15A15 /* [CP] Check Pods Manifest.lock */ = {
			isa = PBXShellScriptBuildPhase;
			buildActionMask = 2147483647;
			files = (
			);
			inputFileListPaths = (
			);
			inputPaths = (
				"${PODS_PODFILE_DIR_PATH}/Podfile.lock",
				"${PODS_ROOT}/Manifest.lock",
			);
			name = "[CP] Check Pods Manifest.lock";
			outputFileListPaths = (
			);
			outputPaths = (
				"$(DERIVED_FILE_DIR)/Pods-CocoaPods-macOS-checkManifestLockResult.txt",
			);
			runOnlyForDeploymentPostprocessing = 0;
			shellPath = /bin/sh;
			shellScript = "diff \"${PODS_PODFILE_DIR_PATH}/Podfile.lock\" \"${PODS_ROOT}/Manifest.lock\" > /dev/null\nif [ $? != 0 ] ; then\n    # print error to STDERR\n    echo \"error: The sandbox is not in sync with the Podfile.lock. Run 'pod install' or update your CocoaPods installation.\" >&2\n    exit 1\nfi\n# This output is used by Xcode 'outputs' to avoid re-running this script phase.\necho \"SUCCESS\" > \"${SCRIPT_OUTPUT_FILE_0}\"\n";
			showEnvVarsInLog = 0;
		};
		404BD38611DEFDB772708F0D /* [CP] Embed Pods Frameworks */ = {
			isa = PBXShellScriptBuildPhase;
			buildActionMask = 2147483647;
			files = (
			);
			inputFileListPaths = (
				"${PODS_ROOT}/Target Support Files/Pods-CocoaPods-macOS/Pods-CocoaPods-macOS-frameworks-${CONFIGURATION}-input-files.xcfilelist",
			);
			name = "[CP] Embed Pods Frameworks";
			outputFileListPaths = (
				"${PODS_ROOT}/Target Support Files/Pods-CocoaPods-macOS/Pods-CocoaPods-macOS-frameworks-${CONFIGURATION}-output-files.xcfilelist",
			);
			runOnlyForDeploymentPostprocessing = 0;
			shellPath = /bin/sh;
			shellScript = "\"${PODS_ROOT}/Target Support Files/Pods-CocoaPods-macOS/Pods-CocoaPods-macOS-frameworks.sh\"\n";
			showEnvVarsInLog = 0;
		};
		98861699D28FEA8B31062E70 /* [CP] Embed Pods Frameworks */ = {
			isa = PBXShellScriptBuildPhase;
			buildActionMask = 2147483647;
			files = (
			);
			inputFileListPaths = (
				"${PODS_ROOT}/Target Support Files/Pods-Cocoapods/Pods-Cocoapods-frameworks-${CONFIGURATION}-input-files.xcfilelist",
			);
			name = "[CP] Embed Pods Frameworks";
			outputFileListPaths = (
				"${PODS_ROOT}/Target Support Files/Pods-Cocoapods/Pods-Cocoapods-frameworks-${CONFIGURATION}-output-files.xcfilelist",
			);
			runOnlyForDeploymentPostprocessing = 0;
			shellPath = /bin/sh;
			shellScript = "\"${PODS_ROOT}/Target Support Files/Pods-Cocoapods/Pods-Cocoapods-frameworks.sh\"\n";
			showEnvVarsInLog = 0;
		};
		B35258BCF971DB1D2301D5C6 /* [CP] Check Pods Manifest.lock */ = {
			isa = PBXShellScriptBuildPhase;
			buildActionMask = 2147483647;
			files = (
			);
			inputFileListPaths = (
			);
			inputPaths = (
				"${PODS_PODFILE_DIR_PATH}/Podfile.lock",
				"${PODS_ROOT}/Manifest.lock",
			);
			name = "[CP] Check Pods Manifest.lock";
			outputFileListPaths = (
			);
			outputPaths = (
				"$(DERIVED_FILE_DIR)/Pods-Cocoapods-checkManifestLockResult.txt",
			);
			runOnlyForDeploymentPostprocessing = 0;
			shellPath = /bin/sh;
			shellScript = "diff \"${PODS_PODFILE_DIR_PATH}/Podfile.lock\" \"${PODS_ROOT}/Manifest.lock\" > /dev/null\nif [ $? != 0 ] ; then\n    # print error to STDERR\n    echo \"error: The sandbox is not in sync with the Podfile.lock. Run 'pod install' or update your CocoaPods installation.\" >&2\n    exit 1\nfi\n# This output is used by Xcode 'outputs' to avoid re-running this script phase.\necho \"SUCCESS\" > \"${SCRIPT_OUTPUT_FILE_0}\"\n";
			showEnvVarsInLog = 0;
		};
/* End PBXShellScriptBuildPhase section */

/* Begin PBXSourcesBuildPhase section */
		52BAC9C6230A478800982784 /* Sources */ = {
			isa = PBXSourcesBuildPhase;
			buildActionMask = 2147483647;
			files = (
				52BAC9D2230A478800982784 /* ViewController.swift in Sources */,
				52BAC9CE230A478800982784 /* AppDelegate.swift in Sources */,
				52BAC9D0230A478800982784 /* SceneDelegate.swift in Sources */,
			);
			runOnlyForDeploymentPostprocessing = 0;
		};
		52CDE013230FC838000DFF4B /* Sources */ = {
			isa = PBXSourcesBuildPhase;
			buildActionMask = 2147483647;
			files = (
				52CDE01C230FC838000DFF4B /* ViewController.swift in Sources */,
				52CDE01A230FC838000DFF4B /* AppDelegate.swift in Sources */,
			);
			runOnlyForDeploymentPostprocessing = 0;
		};
/* End PBXSourcesBuildPhase section */

/* Begin PBXVariantGroup section */
		52BAC9D3230A478800982784 /* Main.storyboard */ = {
			isa = PBXVariantGroup;
			children = (
				52BAC9D4230A478800982784 /* Base */,
			);
			name = Main.storyboard;
			sourceTree = "<group>";
		};
		52BAC9D8230A478900982784 /* LaunchScreen.storyboard */ = {
			isa = PBXVariantGroup;
			children = (
				52BAC9D9230A478900982784 /* Base */,
			);
			name = LaunchScreen.storyboard;
			sourceTree = "<group>";
		};
		52CDE01F230FC839000DFF4B /* Main.storyboard */ = {
			isa = PBXVariantGroup;
			children = (
				52CDE020230FC839000DFF4B /* Base */,
			);
			name = Main.storyboard;
			sourceTree = "<group>";
		};
/* End PBXVariantGroup section */

/* Begin XCBuildConfiguration section */
		52BAC9DC230A478900982784 /* Debug */ = {
			isa = XCBuildConfiguration;
			buildSettings = {
				ALWAYS_SEARCH_USER_PATHS = NO;
				CLANG_ANALYZER_NONNULL = YES;
				CLANG_ANALYZER_NUMBER_OBJECT_CONVERSION = YES_AGGRESSIVE;
				CLANG_CXX_LANGUAGE_STANDARD = "gnu++14";
				CLANG_CXX_LIBRARY = "libc++";
				CLANG_ENABLE_MODULES = YES;
				CLANG_ENABLE_OBJC_ARC = YES;
				CLANG_ENABLE_OBJC_WEAK = YES;
				CLANG_WARN_BLOCK_CAPTURE_AUTORELEASING = YES;
				CLANG_WARN_BOOL_CONVERSION = YES;
				CLANG_WARN_COMMA = YES;
				CLANG_WARN_CONSTANT_CONVERSION = YES;
				CLANG_WARN_DEPRECATED_OBJC_IMPLEMENTATIONS = YES;
				CLANG_WARN_DIRECT_OBJC_ISA_USAGE = YES_ERROR;
				CLANG_WARN_DOCUMENTATION_COMMENTS = YES;
				CLANG_WARN_EMPTY_BODY = YES;
				CLANG_WARN_ENUM_CONVERSION = YES;
				CLANG_WARN_INFINITE_RECURSION = YES;
				CLANG_WARN_INT_CONVERSION = YES;
				CLANG_WARN_NON_LITERAL_NULL_CONVERSION = YES;
				CLANG_WARN_OBJC_IMPLICIT_RETAIN_SELF = YES;
				CLANG_WARN_OBJC_LITERAL_CONVERSION = YES;
				CLANG_WARN_OBJC_ROOT_CLASS = YES_ERROR;
				CLANG_WARN_RANGE_LOOP_ANALYSIS = YES;
				CLANG_WARN_STRICT_PROTOTYPES = YES;
				CLANG_WARN_SUSPICIOUS_MOVE = YES;
				CLANG_WARN_UNGUARDED_AVAILABILITY = YES_AGGRESSIVE;
				CLANG_WARN_UNREACHABLE_CODE = YES;
				CLANG_WARN__DUPLICATE_METHOD_MATCH = YES;
				COPY_PHASE_STRIP = NO;
				DEBUG_INFORMATION_FORMAT = dwarf;
				ENABLE_STRICT_OBJC_MSGSEND = YES;
				ENABLE_TESTABILITY = YES;
				GCC_C_LANGUAGE_STANDARD = gnu11;
				GCC_DYNAMIC_NO_PIC = NO;
				GCC_NO_COMMON_BLOCKS = YES;
				GCC_OPTIMIZATION_LEVEL = 0;
				GCC_PREPROCESSOR_DEFINITIONS = (
					"DEBUG=1",
					"$(inherited)",
				);
				GCC_WARN_64_TO_32_BIT_CONVERSION = YES;
				GCC_WARN_ABOUT_RETURN_TYPE = YES_ERROR;
				GCC_WARN_UNDECLARED_SELECTOR = YES;
				GCC_WARN_UNINITIALIZED_AUTOS = YES_AGGRESSIVE;
				GCC_WARN_UNUSED_FUNCTION = YES;
				GCC_WARN_UNUSED_VARIABLE = YES;
				IPHONEOS_DEPLOYMENT_TARGET = 13.0;
				MTL_ENABLE_DEBUG_INFO = INCLUDE_SOURCE;
				MTL_FAST_MATH = YES;
				ONLY_ACTIVE_ARCH = YES;
				SDKROOT = iphoneos;
				SWIFT_ACTIVE_COMPILATION_CONDITIONS = DEBUG;
				SWIFT_OPTIMIZATION_LEVEL = "-Onone";
			};
			name = Debug;
		};
		52BAC9DD230A478900982784 /* Release */ = {
			isa = XCBuildConfiguration;
			buildSettings = {
				ALWAYS_SEARCH_USER_PATHS = NO;
				CLANG_ANALYZER_NONNULL = YES;
				CLANG_ANALYZER_NUMBER_OBJECT_CONVERSION = YES_AGGRESSIVE;
				CLANG_CXX_LANGUAGE_STANDARD = "gnu++14";
				CLANG_CXX_LIBRARY = "libc++";
				CLANG_ENABLE_MODULES = YES;
				CLANG_ENABLE_OBJC_ARC = YES;
				CLANG_ENABLE_OBJC_WEAK = YES;
				CLANG_WARN_BLOCK_CAPTURE_AUTORELEASING = YES;
				CLANG_WARN_BOOL_CONVERSION = YES;
				CLANG_WARN_COMMA = YES;
				CLANG_WARN_CONSTANT_CONVERSION = YES;
				CLANG_WARN_DEPRECATED_OBJC_IMPLEMENTATIONS = YES;
				CLANG_WARN_DIRECT_OBJC_ISA_USAGE = YES_ERROR;
				CLANG_WARN_DOCUMENTATION_COMMENTS = YES;
				CLANG_WARN_EMPTY_BODY = YES;
				CLANG_WARN_ENUM_CONVERSION = YES;
				CLANG_WARN_INFINITE_RECURSION = YES;
				CLANG_WARN_INT_CONVERSION = YES;
				CLANG_WARN_NON_LITERAL_NULL_CONVERSION = YES;
				CLANG_WARN_OBJC_IMPLICIT_RETAIN_SELF = YES;
				CLANG_WARN_OBJC_LITERAL_CONVERSION = YES;
				CLANG_WARN_OBJC_ROOT_CLASS = YES_ERROR;
				CLANG_WARN_RANGE_LOOP_ANALYSIS = YES;
				CLANG_WARN_STRICT_PROTOTYPES = YES;
				CLANG_WARN_SUSPICIOUS_MOVE = YES;
				CLANG_WARN_UNGUARDED_AVAILABILITY = YES_AGGRESSIVE;
				CLANG_WARN_UNREACHABLE_CODE = YES;
				CLANG_WARN__DUPLICATE_METHOD_MATCH = YES;
				COPY_PHASE_STRIP = NO;
				DEBUG_INFORMATION_FORMAT = "dwarf-with-dsym";
				ENABLE_NS_ASSERTIONS = NO;
				ENABLE_STRICT_OBJC_MSGSEND = YES;
				GCC_C_LANGUAGE_STANDARD = gnu11;
				GCC_NO_COMMON_BLOCKS = YES;
				GCC_WARN_64_TO_32_BIT_CONVERSION = YES;
				GCC_WARN_ABOUT_RETURN_TYPE = YES_ERROR;
				GCC_WARN_UNDECLARED_SELECTOR = YES;
				GCC_WARN_UNINITIALIZED_AUTOS = YES_AGGRESSIVE;
				GCC_WARN_UNUSED_FUNCTION = YES;
				GCC_WARN_UNUSED_VARIABLE = YES;
				IPHONEOS_DEPLOYMENT_TARGET = 13.0;
				MTL_ENABLE_DEBUG_INFO = NO;
				MTL_FAST_MATH = YES;
				SDKROOT = iphoneos;
				SWIFT_COMPILATION_MODE = wholemodule;
				SWIFT_OPTIMIZATION_LEVEL = "-O";
				VALIDATE_PRODUCT = YES;
			};
			name = Release;
		};
		52BAC9DF230A478900982784 /* Debug */ = {
			isa = XCBuildConfiguration;
			baseConfigurationReference = C89E83C8A8FA89020C406371 /* Pods-Cocoapods.debug.xcconfig */;
			buildSettings = {
				ASSETCATALOG_COMPILER_APPICON_NAME = AppIcon;
				CODE_SIGN_STYLE = Automatic;
				INFOPLIST_FILE = Cocoapods/Info.plist;
				LD_RUNPATH_SEARCH_PATHS = (
					"$(inherited)",
					"@executable_path/Frameworks",
				);
				PRODUCT_BUNDLE_IDENTIFIER = org.eyrefree.EFStorage.Cocoapods;
				PRODUCT_NAME = "$(TARGET_NAME)";
				SWIFT_VERSION = 5.0;
				TARGETED_DEVICE_FAMILY = "1,2";
			};
			name = Debug;
		};
		52BAC9E0230A478900982784 /* Release */ = {
			isa = XCBuildConfiguration;
			baseConfigurationReference = 491FC3F856F0991564F61038 /* Pods-Cocoapods.release.xcconfig */;
			buildSettings = {
				ASSETCATALOG_COMPILER_APPICON_NAME = AppIcon;
				CODE_SIGN_STYLE = Automatic;
				INFOPLIST_FILE = Cocoapods/Info.plist;
				LD_RUNPATH_SEARCH_PATHS = (
					"$(inherited)",
					"@executable_path/Frameworks",
				);
				PRODUCT_BUNDLE_IDENTIFIER = org.eyrefree.EFStorage.Cocoapods;
				PRODUCT_NAME = "$(TARGET_NAME)";
				SWIFT_VERSION = 5.0;
				TARGETED_DEVICE_FAMILY = "1,2";
			};
			name = Release;
		};
		52CDE025230FC839000DFF4B /* Debug */ = {
			isa = XCBuildConfiguration;
			baseConfigurationReference = C612A70E5F98C5D30661992A /* Pods-CocoaPods-macOS.debug.xcconfig */;
			buildSettings = {
				ASSETCATALOG_COMPILER_APPICON_NAME = AppIcon;
				CODE_SIGN_ENTITLEMENTS = "CocoaPods-macOS/CocoaPods_macOS.entitlements";
				CODE_SIGN_STYLE = Automatic;
				COMBINE_HIDPI_IMAGES = YES;
				INFOPLIST_FILE = "CocoaPods-macOS/Info.plist";
				LD_RUNPATH_SEARCH_PATHS = (
					"$(inherited)",
					"@executable_path/../Frameworks",
				);
				MACOSX_DEPLOYMENT_TARGET = 10.10;
				PRODUCT_BUNDLE_IDENTIFIER = "org.eyrefree.EFStorage.CocoaPods-macOS";
				PRODUCT_NAME = "$(TARGET_NAME)";
				SDKROOT = macosx;
				SWIFT_VERSION = 5.0;
			};
			name = Debug;
		};
		52CDE026230FC839000DFF4B /* Release */ = {
			isa = XCBuildConfiguration;
			baseConfigurationReference = BF0D6B8DD20EE1BF8F905E5E /* Pods-CocoaPods-macOS.release.xcconfig */;
			buildSettings = {
				ASSETCATALOG_COMPILER_APPICON_NAME = AppIcon;
				CODE_SIGN_ENTITLEMENTS = "CocoaPods-macOS/CocoaPods_macOS.entitlements";
				CODE_SIGN_STYLE = Automatic;
				COMBINE_HIDPI_IMAGES = YES;
				INFOPLIST_FILE = "CocoaPods-macOS/Info.plist";
				LD_RUNPATH_SEARCH_PATHS = (
					"$(inherited)",
					"@executable_path/../Frameworks",
				);
				MACOSX_DEPLOYMENT_TARGET = 10.10;
				PRODUCT_BUNDLE_IDENTIFIER = "org.eyrefree.EFStorage.CocoaPods-macOS";
				PRODUCT_NAME = "$(TARGET_NAME)";
				SDKROOT = macosx;
				SWIFT_VERSION = 5.0;
			};
			name = Release;
		};
/* End XCBuildConfiguration section */

/* Begin XCConfigurationList section */
		52BAC9C5230A478800982784 /* Build configuration list for PBXProject "Cocoapods" */ = {
			isa = XCConfigurationList;
			buildConfigurations = (
				52BAC9DC230A478900982784 /* Debug */,
				52BAC9DD230A478900982784 /* Release */,
			);
			defaultConfigurationIsVisible = 0;
			defaultConfigurationName = Release;
		};
		52BAC9DE230A478900982784 /* Build configuration list for PBXNativeTarget "Cocoapods" */ = {
			isa = XCConfigurationList;
			buildConfigurations = (
				52BAC9DF230A478900982784 /* Debug */,
				52BAC9E0230A478900982784 /* Release */,
			);
			defaultConfigurationIsVisible = 0;
			defaultConfigurationName = Release;
		};
		52CDE024230FC839000DFF4B /* Build configuration list for PBXNativeTarget "CocoaPods-macOS" */ = {
			isa = XCConfigurationList;
			buildConfigurations = (
				52CDE025230FC839000DFF4B /* Debug */,
				52CDE026230FC839000DFF4B /* Release */,
			);
			defaultConfigurationIsVisible = 0;
			defaultConfigurationName = Release;
		};
/* End XCConfigurationList section */
	};
	rootObject = 52BAC9C2230A478800982784 /* Project object */;
}
